// !$*UTF8*$!
{
	archiveVersion = 1;
	classes = {
	};
	objectVersion = 46;
	objects = {

/* Begin PBXBuildFile section */
		136450711E14202500FC8B2E /* AppDelegate.swift in Sources */ = {isa = PBXBuildFile; fileRef = 136450701E14202500FC8B2E /* AppDelegate.swift */; };
		136450731E14202500FC8B2E /* ViewController.swift in Sources */ = {isa = PBXBuildFile; fileRef = 136450721E14202500FC8B2E /* ViewController.swift */; };
		136450761E14202600FC8B2E /* Main.storyboard in Resources */ = {isa = PBXBuildFile; fileRef = 136450741E14202600FC8B2E /* Main.storyboard */; };
		136450781E14202600FC8B2E /* Assets.xcassets in Resources */ = {isa = PBXBuildFile; fileRef = 136450771E14202600FC8B2E /* Assets.xcassets */; };
		1364507B1E14202600FC8B2E /* LaunchScreen.storyboard in Resources */ = {isa = PBXBuildFile; fileRef = 136450791E14202600FC8B2E /* LaunchScreen.storyboard */; };
/* End PBXBuildFile section */

/* Begin PBXFileReference section */
		1364506D1E14202500FC8B2E /* P01.TapCounter.app */ = {isa = PBXFileReference; explicitFileType = wrapper.application; includeInIndex = 0; path = P01.TapCounter.app; sourceTree = BUILT_PRODUCTS_DIR; };
		136450701E14202500FC8B2E /* AppDelegate.swift */ = {isa = PBXFileReference; lastKnownFileType = sourcecode.swift; path = AppDelegate.swift; sourceTree = "<group>"; };
		136450721E14202500FC8B2E /* ViewController.swift */ = {isa = PBXFileReference; lastKnownFileType = sourcecode.swift; path = ViewController.swift; sourceTree = "<group>"; };
		136450751E14202600FC8B2E /* Base */ = {isa = PBXFileReference; lastKnownFileType = file.storyboard; name = Base; path = Base.lproj/Main.storyboard; sourceTree = "<group>"; };
		136450771E14202600FC8B2E /* Assets.xcassets */ = {isa = PBXFileReference; lastKnownFileType = folder.assetcatalog; path = Assets.xcassets; sourceTree = "<group>"; };
		1364507A1E14202600FC8B2E /* Base */ = {isa = PBXFileReference; lastKnownFileType = file.storyboard; name = Base; path = Base.lproj/LaunchScreen.storyboard; sourceTree = "<group>"; };
		1364507C1E14202600FC8B2E /* Info.plist */ = {isa = PBXFileReference; lastKnownFileType = text.plist.xml; path = Info.plist; sourceTree = "<group>"; };
/* End PBXFileReference section */

/* Begin PBXFrameworksBuildPhase section */
		1364506A1E14202400FC8B2E /* Frameworks */ = {
			isa = PBXFrameworksBuildPhase;
			buildActionMask = 2147483647;
			files = (
			);
			runOnlyForDeploymentPostprocessing = 0;
		};
/* End PBXFrameworksBuildPhase section */

/* Begin PBXGroup section */
		136450641E14202400FC8B2E = {
			isa = PBXGroup;
			children = (
				1364506F1E14202500FC8B2E /* P01.TapCounter */,
				1364506E1E14202500FC8B2E /* Products */,
			);
			sourceTree = "<group>";
		};
		1364506E1E14202500FC8B2E /* Products */ = {
			isa = PBXGroup;
			children = (
				1364506D1E14202500FC8B2E /* P01.TapCounter.app */,
			);
			name = Products;
			sourceTree = "<group>";
		};
		1364506F1E14202500FC8B2E /* P01.TapCounter */ = {
			isa = PBXGroup;
			children = (
				136450701E14202500FC8B2E /* AppDelegate.swift */,
				136450721E14202500FC8B2E /* ViewController.swift */,
				136450741E14202600FC8B2E /* Main.storyboard */,
				136450771E14202600FC8B2E /* Assets.xcassets */,
				136450791E14202600FC8B2E /* LaunchScreen.storyboard */,
				1364507C1E14202600FC8B2E /* Info.plist */,
			);
			path = P01.TapCounter;
			sourceTree = "<group>";
		};
/* End PBXGroup section */

/* Begin PBXNativeTarget section */
		1364506C1E14202400FC8B2E /* P01.TapCounter */ = {
			isa = PBXNativeTarget;
			buildConfigurationList = 1364507F1E14202600FC8B2E /* Build configuration list for PBXNativeTarget "P01.TapCounter" */;
			buildPhases = (
				136450691E14202400FC8B2E /* Sources */,
				1364506A1E14202400FC8B2E /* Frameworks */,
				1364506B1E14202400FC8B2E /* Resources */,
			);
			buildRules = (
			);
			dependencies = (
			);
			name = P01.TapCounter;
			productName = P01.TapCounter;
			productReference = 1364506D1E14202500FC8B2E /* P01.TapCounter.app */;
			productType = "com.apple.product-type.application";
		};
/* End PBXNativeTarget section */

/* Begin PBXProject section */
		136450651E14202400FC8B2E /* Project object */ = {
			isa = PBXProject;
			attributes = {
				LastSwiftUpdateCheck = 0820;
				LastUpgradeCheck = 0820;
				ORGANIZATIONNAME = "Bình Anh Electonics";
				TargetAttributes = {
					1364506C1E14202400FC8B2E = {
						CreatedOnToolsVersion = 8.2;
						DevelopmentTeam = AQ4F7PFFSM;
						ProvisioningStyle = Automatic;
					};
				};
			};
			buildConfigurationList = 136450681E14202400FC8B2E /* Build configuration list for PBXProject "P01.TapCounter" */;
			compatibilityVersion = "Xcode 3.2";
			developmentRegion = English;
			hasScannedForEncodings = 0;
			knownRegions = (
				en,
				Base,
			);
			mainGroup = 136450641E14202400FC8B2E;
			productRefGroup = 1364506E1E14202500FC8B2E /* Products */;
			projectDirPath = "";
			projectRoot = "";
			targets = (
				1364506C1E14202400FC8B2E /* P01.TapCounter */,
			);
		};
/* End PBXProject section */

/* Begin PBXResourcesBuildPhase section */
		1364506B1E14202400FC8B2E /* Resources */ = {
			isa = PBXResourcesBuildPhase;
			buildActionMask = 2147483647;
			files = (
				1364507B1E14202600FC8B2E /* LaunchScreen.storyboard in Resources */,
				136450781E14202600FC8B2E /* Assets.xcassets in Resources */,
				136450761E14202600FC8B2E /* Main.storyboard in Resources */,
			);
			runOnlyForDeploymentPostprocessing = 0;
		};
/* End PBXResourcesBuildPhase section */

/* Begin PBXSourcesBuildPhase section */
		136450691E14202400FC8B2E /* Sources */ = {
			isa = PBXSourcesBuildPhase;
			buildActionMask = 2147483647;
			files = (
				136450731E14202500FC8B2E /* ViewController.swift in Sources */,
				136450711E14202500FC8B2E /* AppDelegate.swift in Sources */,
			);
			runOnlyForDeploymentPostprocessing = 0;
		};
/* End PBXSourcesBuildPhase section */

/* Begin PBXVariantGroup section */
		136450741E14202600FC8B2E /* Main.storyboard */ = {
			isa = PBXVariantGroup;
			children = (
				136450751E14202600FC8B2E /* Base */,
			);
			name = Main.storyboard;
			sourceTree = "<group>";
		};
		136450791E14202600FC8B2E /* LaunchScreen.storyboard */ = {
			isa = PBXVariantGroup;
			children = (
				1364507A1E14202600FC8B2E /* Base */,
			);
			name = LaunchScreen.storyboard;
			sourceTree = "<group>";
		};
/* End PBXVariantGroup section */

/* Begin XCBuildConfiguration section */
		1364507D1E14202600FC8B2E /* Debug */ = {
			isa = XCBuildConfiguration;
			buildSettings = {
				ALWAYS_SEARCH_USER_PATHS = NO;
				CLANG_ANALYZER_NONNULL = YES;
				CLANG_CXX_LANGUAGE_STANDARD = "gnu++0x";
				CLANG_CXX_LIBRARY = "libc++";
				CLANG_ENABLE_MODULES = YES;
				CLANG_ENABLE_OBJC_ARC = YES;
				CLANG_WARN_BOOL_CONVERSION = YES;
				CLANG_WARN_CONSTANT_CONVERSION = YES;
				CLANG_WARN_DIRECT_OBJC_ISA_USAGE = YES_ERROR;
				CLANG_WARN_DOCUMENTATION_COMMENTS = YES;
				CLANG_WARN_EMPTY_BODY = YES;
				CLANG_WARN_ENUM_CONVERSION = YES;
				CLANG_WARN_INFINITE_RECURSION = YES;
				CLANG_WARN_INT_CONVERSION = YES;
				CLANG_WARN_OBJC_ROOT_CLASS = YES_ERROR;
				CLANG_WARN_SUSPICIOUS_MOVE = YES;
				CLANG_WARN_UNREACHABLE_CODE = YES;
				CLANG_WARN__DUPLICATE_METHOD_MATCH = YES;
				"CODE_SIGN_IDENTITY[sdk=iphoneos*]" = "iPhone Developer";
				COPY_PHASE_STRIP = NO;
				DEBUG_INFORMATION_FORMAT = dwarf;
				ENABLE_STRICT_OBJC_MSGSEND = YES;
				ENABLE_TESTABILITY = YES;
				GCC_C_LANGUAGE_STANDARD = gnu99;
				GCC_DYNAMIC_NO_PIC = NO;
				GCC_NO_COMMON_BLOCKS = YES;
				GCC_OPTIMIZATION_LEVEL = 0;
				GCC_PREPROCESSOR_DEFINITIONS = (
					"DEBUG=1",
					"$(inherited)",
				);
				GCC_WARN_64_TO_32_BIT_CONVERSION = YES;
				GCC_WARN_ABOUT_RETURN_TYPE = YES_ERROR;
				GCC_WARN_UNDECLARED_SELECTOR = YES;
				GCC_WARN_UNINITIALIZED_AUTOS = YES_AGGRESSIVE;
				GCC_WARN_UNUSED_FUNCTION = YES;
				GCC_WARN_UNUSED_VARIABLE = YES;
				IPHONEOS_DEPLOYMENT_TARGET = 10.2;
				MTL_ENABLE_DEBUG_INFO = YES;
				ONLY_ACTIVE_ARCH = YES;
				SDKROOT = iphoneos;
				SWIFT_ACTIVE_COMPILATION_CONDITIONS = DEBUG;
				SWIFT_OPTIMIZATION_LEVEL = "-Onone";
			};
			name = Debug;
		};
		1364507E1E14202600FC8B2E /* Release */ = {
			isa = XCBuildConfiguration;
			buildSettings = {
				ALWAYS_SEARCH_USER_PATHS = NO;
				CLANG_ANALYZER_NONNULL = YES;
				CLANG_CXX_LANGUAGE_STANDARD = "gnu++0x";
				CLANG_CXX_LIBRARY = "libc++";
				CLANG_ENABLE_MODULES = YES;
				CLANG_ENABLE_OBJC_ARC = YES;
				CLANG_WARN_BOOL_CONVERSION = YES;
				CLANG_WARN_CONSTANT_CONVERSION = YES;
				CLANG_WARN_DIRECT_OBJC_ISA_USAGE = YES_ERROR;
				CLANG_WARN_DOCUMENTATION_COMMENTS = YES;
				CLANG_WARN_EMPTY_BODY = YES;
				CLANG_WARN_ENUM_CONVERSION = YES;
				CLANG_WARN_INFINITE_RECURSION = YES;
				CLANG_WARN_INT_CONVERSION = YES;
				CLANG_WARN_OBJC_ROOT_CLASS = YES_ERROR;
				CLANG_WARN_SUSPICIOUS_MOVE = YES;
				CLANG_WARN_UNREACHABLE_CODE = YES;
				CLANG_WARN__DUPLICATE_METHOD_MATCH = YES;
				"CODE_SIGN_IDENTITY[sdk=iphoneos*]" = "iPhone Developer";
				COPY_PHASE_STRIP = NO;
				DEBUG_INFORMATION_FORMAT = "dwarf-with-dsym";
				ENABLE_NS_ASSERTIONS = NO;
				ENABLE_STRICT_OBJC_MSGSEND = YES;
				GCC_C_LANGUAGE_STANDARD = gnu99;
				GCC_NO_COMMON_BLOCKS = YES;
				GCC_WARN_64_TO_32_BIT_CONVERSION = YES;
				GCC_WARN_ABOUT_RETURN_TYPE = YES_ERROR;
				GCC_WARN_UNDECLARED_SELECTOR = YES;
				GCC_WARN_UNINITIALIZED_AUTOS = YES_AGGRESSIVE;
				GCC_WARN_UNUSED_FUNCTION = YES;
				GCC_WARN_UNUSED_VARIABLE = YES;
				IPHONEOS_DEPLOYMENT_TARGET = 10.2;
				MTL_ENABLE_DEBUG_INFO = NO;
				SDKROOT = iphoneos;
				SWIFT_OPTIMIZATION_LEVEL = "-Owholemodule";
				VALIDATE_PRODUCT = YES;
			};
			name = Release;
		};
		136450801E14202600FC8B2E /* Debug */ = {
			isa = XCBuildConfiguration;
			buildSettings = {
				ASSETCATALOG_COMPILER_APPICON_NAME = AppIcon;
				DEVELOPMENT_TEAM = AQ4F7PFFSM;
				INFOPLIST_FILE = P01.TapCounter/Info.plist;
				LD_RUNPATH_SEARCH_PATHS = "$(inherited) @executable_path/Frameworks";
				PRODUCT_BUNDLE_IDENTIFIER = "com.binhanh.P01-TapCounter";
				PRODUCT_NAME = "$(TARGET_NAME)";
				SWIFT_VERSION = 3.0;
			};
			name = Debug;
		};
		136450811E14202600FC8B2E /* Release */ = {
			isa = XCBuildConfiguration;
			buildSettings = {
				ASSETCATALOG_COMPILER_APPICON_NAME = AppIcon;
				DEVELOPMENT_TEAM = AQ4F7PFFSM;
				INFOPLIST_FILE = P01.TapCounter/Info.plist;
				LD_RUNPATH_SEARCH_PATHS = "$(inherited) @executable_path/Frameworks";
				PRODUCT_BUNDLE_IDENTIFIER = "com.binhanh.P01-TapCounter";
				PRODUCT_NAME = "$(TARGET_NAME)";
				SWIFT_VERSION = 3.0;
			};
			name = Release;
		};
/* End XCBuildConfiguration section */

/* Begin XCConfigurationList section */
		136450681E14202400FC8B2E /* Build configuration list for PBXProject "P01.TapCounter" */ = {
			isa = XCConfigurationList;
			buildConfigurations = (
				1364507D1E14202600FC8B2E /* Debug */,
				1364507E1E14202600FC8B2E /* Release */,
			);
			defaultConfigurationIsVisible = 0;
			defaultConfigurationName = Release;
		};
		1364507F1E14202600FC8B2E /* Build configuration list for PBXNativeTarget "P01.TapCounter" */ = {
			isa = XCConfigurationList;
			buildConfigurations = (
				136450801E14202600FC8B2E /* Debug */,
				136450811E14202600FC8B2E /* Release */,
			);
			defaultConfigurationIsVisible = 0;
		};
/* End XCConfigurationList section */
	};
	rootObject = 136450651E14202400FC8B2E /* Project object */;
}
