// !$*UTF8*$!
{
	archiveVersion = 1;
	classes = {
	};
	objectVersion = 46;
	objects = {

/* Begin PBXBuildFile section */
		13665A6D1E285CF80054BAF4 /* AppDelegate.swift in Sources */ = {isa = PBXBuildFile; fileRef = 13665A6C1E285CF80054BAF4 /* AppDelegate.swift */; };
		13665A6F1E285CF80054BAF4 /* ViewController.swift in Sources */ = {isa = PBXBuildFile; fileRef = 13665A6E1E285CF80054BAF4 /* ViewController.swift */; };
		13665A721E285CF80054BAF4 /* Main.storyboard in Resources */ = {isa = PBXBuildFile; fileRef = 13665A701E285CF80054BAF4 /* Main.storyboard */; };
		13665A741E285CF80054BAF4 /* Assets.xcassets in Resources */ = {isa = PBXBuildFile; fileRef = 13665A731E285CF80054BAF4 /* Assets.xcassets */; };
		13665A771E285CF80054BAF4 /* LaunchScreen.storyboard in Resources */ = {isa = PBXBuildFile; fileRef = 13665A751E285CF80054BAF4 /* LaunchScreen.storyboard */; };
		13665A821E285CF80054BAF4 /* TrackingMeTests.swift in Sources */ = {isa = PBXBuildFile; fileRef = 13665A811E285CF80054BAF4 /* TrackingMeTests.swift */; };
		13665A8D1E285CF80054BAF4 /* TrackingMeUITests.swift in Sources */ = {isa = PBXBuildFile; fileRef = 13665A8C1E285CF80054BAF4 /* TrackingMeUITests.swift */; };
		13665AE11E28600D0054BAF4 /* GeneralViewController.swift in Sources */ = {isa = PBXBuildFile; fileRef = 13665A9C1E28600D0054BAF4 /* GeneralViewController.swift */; };
		13665AE21E28600D0054BAF4 /* TrackingListsViewController.swift in Sources */ = {isa = PBXBuildFile; fileRef = 13665A9D1E28600D0054BAF4 /* TrackingListsViewController.swift */; };
		13665AE31E28600D0054BAF4 /* TrackingViewController+Rx.swift in Sources */ = {isa = PBXBuildFile; fileRef = 13665A9E1E28600D0054BAF4 /* TrackingViewController+Rx.swift */; };
		13665AE41E28600D0054BAF4 /* TrackingViewController.swift in Sources */ = {isa = PBXBuildFile; fileRef = 13665A9F1E28600D0054BAF4 /* TrackingViewController.swift */; };
		13665AE51E28600D0054BAF4 /* RealmTracking.swift in Sources */ = {isa = PBXBuildFile; fileRef = 13665AA11E28600D0054BAF4 /* RealmTracking.swift */; };
		13665AE61E28600D0054BAF4 /* DirectionPoint.swift in Sources */ = {isa = PBXBuildFile; fileRef = 13665AA31E28600D0054BAF4 /* DirectionPoint.swift */; };
		13665AE71E28600D0054BAF4 /* Tracking.swift in Sources */ = {isa = PBXBuildFile; fileRef = 13665AA41E28600D0054BAF4 /* Tracking.swift */; };
		13665AE81E28600D0054BAF4 /* TrackingPolyline.swift in Sources */ = {isa = PBXBuildFile; fileRef = 13665AA51E28600D0054BAF4 /* TrackingPolyline.swift */; };
		13665AE91E28600D0054BAF4 /* Color.swift in Sources */ = {isa = PBXBuildFile; fileRef = 13665AA71E28600D0054BAF4 /* Color.swift */; };
		13665AEA1E28600D0054BAF4 /* Constants.swift in Sources */ = {isa = PBXBuildFile; fileRef = 13665AA81E28600D0054BAF4 /* Constants.swift */; };
		13665AEB1E28600D0054BAF4 /* DatabaseSupport.swift in Sources */ = {isa = PBXBuildFile; fileRef = 13665AA91E28600D0054BAF4 /* DatabaseSupport.swift */; };
		13665AEF1E28600D0054BAF4 /* Realm+Ex.swift in Sources */ = {isa = PBXBuildFile; fileRef = 13665AAE1E28600D0054BAF4 /* Realm+Ex.swift */; };
		13665AF21E28600D0054BAF4 /* RealmObserver.swift in Sources */ = {isa = PBXBuildFile; fileRef = 13665AB41E28600D0054BAF4 /* RealmObserver.swift */; };
		13665AF31E28600D0054BAF4 /* RxRealm.swift in Sources */ = {isa = PBXBuildFile; fileRef = 13665AB51E28600D0054BAF4 /* RxRealm.swift */; };
		13665AFB1E28600D0054BAF4 /* CLLocationManager+Rx.swift in Sources */ = {isa = PBXBuildFile; fileRef = 13665AC01E28600D0054BAF4 /* CLLocationManager+Rx.swift */; };
		13665AFC1E28600D0054BAF4 /* RxCLLocationManagerDelegateProxy.swift in Sources */ = {isa = PBXBuildFile; fileRef = 13665AC11E28600D0054BAF4 /* RxCLLocationManagerDelegateProxy.swift */; };
		13665AFD1E28600D0054BAF4 /* String+Ex.swift in Sources */ = {isa = PBXBuildFile; fileRef = 13665AC21E28600D0054BAF4 /* String+Ex.swift */; };
		13665AFF1E28600D0054BAF4 /* Extensions.swift in Sources */ = {isa = PBXBuildFile; fileRef = 13665AC41E28600D0054BAF4 /* Extensions.swift */; };
		13665B001E28600D0054BAF4 /* HUD.swift in Sources */ = {isa = PBXBuildFile; fileRef = 13665AC51E28600D0054BAF4 /* HUD.swift */; };
		13665B011E28600D0054BAF4 /* Image.swift in Sources */ = {isa = PBXBuildFile; fileRef = 13665AC61E28600D0054BAF4 /* Image.swift */; };
		13665B021E28600D0054BAF4 /* Lato-BlackItalic.ttf in Resources */ = {isa = PBXBuildFile; fileRef = 13665AC81E28600D0054BAF4 /* Lato-BlackItalic.ttf */; };
		13665B031E28600D0054BAF4 /* Lato-Bold.ttf in Resources */ = {isa = PBXBuildFile; fileRef = 13665AC91E28600D0054BAF4 /* Lato-Bold.ttf */; };
		13665B041E28600D0054BAF4 /* Lato-Italic.ttf in Resources */ = {isa = PBXBuildFile; fileRef = 13665ACA1E28600D0054BAF4 /* Lato-Italic.ttf */; };
		13665B051E28600D0054BAF4 /* Lato-Light.ttf in Resources */ = {isa = PBXBuildFile; fileRef = 13665ACB1E28600D0054BAF4 /* Lato-Light.ttf */; };
		13665B061E28600D0054BAF4 /* Lato-Medium.ttf in Resources */ = {isa = PBXBuildFile; fileRef = 13665ACC1E28600D0054BAF4 /* Lato-Medium.ttf */; };
		13665B071E28600D0054BAF4 /* Lato-Regular.ttf in Resources */ = {isa = PBXBuildFile; fileRef = 13665ACD1E28600D0054BAF4 /* Lato-Regular.ttf */; };
		13665B081E28600D0054BAF4 /* Lato-Semibold.ttf in Resources */ = {isa = PBXBuildFile; fileRef = 13665ACE1E28600D0054BAF4 /* Lato-Semibold.ttf */; };
		13665B091E28600D0054BAF4 /* LocationSupport.swift in Sources */ = {isa = PBXBuildFile; fileRef = 13665ACF1E28600D0054BAF4 /* LocationSupport.swift */; };
		13665B0A1E28600D0054BAF4 /* LoggerSupport.swift in Sources */ = {isa = PBXBuildFile; fileRef = 13665AD01E28600D0054BAF4 /* LoggerSupport.swift */; };
		13665B0B1E28600D0054BAF4 /* GMSMapView+Rx.swift in Sources */ = {isa = PBXBuildFile; fileRef = 13665AD31E28600D0054BAF4 /* GMSMapView+Rx.swift */; };
		13665B0C1E28600D0054BAF4 /* RxGMSMapViewDelegateProxy.swift in Sources */ = {isa = PBXBuildFile; fileRef = 13665AD41E28600D0054BAF4 /* RxGMSMapViewDelegateProxy.swift */; };
		13665B0D1E28600D0054BAF4 /* Utility.swift in Sources */ = {isa = PBXBuildFile; fileRef = 13665AD51E28600D0054BAF4 /* Utility.swift */; };
		13665B0E1E28600D0054BAF4 /* EmptyTableViewCell.swift in Sources */ = {isa = PBXBuildFile; fileRef = 13665AD81E28600D0054BAF4 /* EmptyTableViewCell.swift */; };
		13665B0F1E28600D0054BAF4 /* HeaderTableView.swift in Sources */ = {isa = PBXBuildFile; fileRef = 13665AD91E28600D0054BAF4 /* HeaderTableView.swift */; };
		13665B101E28600D0054BAF4 /* SeparatorTableViewCell.swift in Sources */ = {isa = PBXBuildFile; fileRef = 13665ADA1E28600D0054BAF4 /* SeparatorTableViewCell.swift */; };
		13665B111E28600D0054BAF4 /* TitleSection.swift in Sources */ = {isa = PBXBuildFile; fileRef = 13665ADB1E28600D0054BAF4 /* TitleSection.swift */; };
		13665B121E28600D0054BAF4 /* TrackingTableViewCell.swift in Sources */ = {isa = PBXBuildFile; fileRef = 13665ADC1E28600D0054BAF4 /* TrackingTableViewCell.swift */; };
		13665B131E28600D0054BAF4 /* TrackingControlFooterView.swift in Sources */ = {isa = PBXBuildFile; fileRef = 13665ADE1E28600D0054BAF4 /* TrackingControlFooterView.swift */; };
		13665B141E28600D0054BAF4 /* TrackingFloatView.swift in Sources */ = {isa = PBXBuildFile; fileRef = 13665ADF1E28600D0054BAF4 /* TrackingFloatView.swift */; };
		13665B241E2861EF0054BAF4 /* Async.framework in Frameworks */ = {isa = PBXBuildFile; fileRef = 13665B161E2861EF0054BAF4 /* Async.framework */; };
		13665B251E2861EF0054BAF4 /* Async.framework in Embed Frameworks */ = {isa = PBXBuildFile; fileRef = 13665B161E2861EF0054BAF4 /* Async.framework */; settings = {ATTRIBUTES = (CodeSignOnCopy, RemoveHeadersOnCopy, ); }; };
		13665B261E2861EF0054BAF4 /* CleanroomASL.framework in Frameworks */ = {isa = PBXBuildFile; fileRef = 13665B171E2861EF0054BAF4 /* CleanroomASL.framework */; };
		13665B271E2861EF0054BAF4 /* CleanroomASL.framework in Embed Frameworks */ = {isa = PBXBuildFile; fileRef = 13665B171E2861EF0054BAF4 /* CleanroomASL.framework */; settings = {ATTRIBUTES = (CodeSignOnCopy, RemoveHeadersOnCopy, ); }; };
		13665B281E2861EF0054BAF4 /* CleanroomLogger.framework in Frameworks */ = {isa = PBXBuildFile; fileRef = 13665B181E2861EF0054BAF4 /* CleanroomLogger.framework */; };
		13665B291E2861EF0054BAF4 /* CleanroomLogger.framework in Embed Frameworks */ = {isa = PBXBuildFile; fileRef = 13665B181E2861EF0054BAF4 /* CleanroomLogger.framework */; settings = {ATTRIBUTES = (CodeSignOnCopy, RemoveHeadersOnCopy, ); }; };
		13665B2A1E2861EF0054BAF4 /* Eureka.framework in Frameworks */ = {isa = PBXBuildFile; fileRef = 13665B191E2861EF0054BAF4 /* Eureka.framework */; };
		13665B2B1E2861EF0054BAF4 /* Eureka.framework in Embed Frameworks */ = {isa = PBXBuildFile; fileRef = 13665B191E2861EF0054BAF4 /* Eureka.framework */; settings = {ATTRIBUTES = (CodeSignOnCopy, RemoveHeadersOnCopy, ); }; };
		13665B2C1E2861EF0054BAF4 /* JGProgressHUD.framework in Frameworks */ = {isa = PBXBuildFile; fileRef = 13665B1A1E2861EF0054BAF4 /* JGProgressHUD.framework */; };
		13665B2D1E2861EF0054BAF4 /* JGProgressHUD.framework in Embed Frameworks */ = {isa = PBXBuildFile; fileRef = 13665B1A1E2861EF0054BAF4 /* JGProgressHUD.framework */; settings = {ATTRIBUTES = (CodeSignOnCopy, RemoveHeadersOnCopy, ); }; };
		13665B2E1E2861EF0054BAF4 /* ObjectMapper.framework in Frameworks */ = {isa = PBXBuildFile; fileRef = 13665B1B1E2861EF0054BAF4 /* ObjectMapper.framework */; };
		13665B2F1E2861EF0054BAF4 /* ObjectMapper.framework in Embed Frameworks */ = {isa = PBXBuildFile; fileRef = 13665B1B1E2861EF0054BAF4 /* ObjectMapper.framework */; settings = {ATTRIBUTES = (CodeSignOnCopy, RemoveHeadersOnCopy, ); }; };
		13665B301E2861EF0054BAF4 /* OptionalExtensions.framework in Frameworks */ = {isa = PBXBuildFile; fileRef = 13665B1C1E2861EF0054BAF4 /* OptionalExtensions.framework */; };
		13665B311E2861EF0054BAF4 /* OptionalExtensions.framework in Embed Frameworks */ = {isa = PBXBuildFile; fileRef = 13665B1C1E2861EF0054BAF4 /* OptionalExtensions.framework */; settings = {ATTRIBUTES = (CodeSignOnCopy, RemoveHeadersOnCopy, ); }; };
		13665B321E2861EF0054BAF4 /* PHExtensions.framework in Frameworks */ = {isa = PBXBuildFile; fileRef = 13665B1D1E2861EF0054BAF4 /* PHExtensions.framework */; };
		13665B331E2861EF0054BAF4 /* PHExtensions.framework in Embed Frameworks */ = {isa = PBXBuildFile; fileRef = 13665B1D1E2861EF0054BAF4 /* PHExtensions.framework */; settings = {ATTRIBUTES = (CodeSignOnCopy, RemoveHeadersOnCopy, ); }; };
		13665B341E2861EF0054BAF4 /* Realm.framework in Frameworks */ = {isa = PBXBuildFile; fileRef = 13665B1E1E2861EF0054BAF4 /* Realm.framework */; };
		13665B351E2861EF0054BAF4 /* Realm.framework in Embed Frameworks */ = {isa = PBXBuildFile; fileRef = 13665B1E1E2861EF0054BAF4 /* Realm.framework */; settings = {ATTRIBUTES = (CodeSignOnCopy, RemoveHeadersOnCopy, ); }; };
		13665B361E2861EF0054BAF4 /* RealmSwift.framework in Frameworks */ = {isa = PBXBuildFile; fileRef = 13665B1F1E2861EF0054BAF4 /* RealmSwift.framework */; };
		13665B371E2861EF0054BAF4 /* RealmSwift.framework in Embed Frameworks */ = {isa = PBXBuildFile; fileRef = 13665B1F1E2861EF0054BAF4 /* RealmSwift.framework */; settings = {ATTRIBUTES = (CodeSignOnCopy, RemoveHeadersOnCopy, ); }; };
		13665B381E2861EF0054BAF4 /* RxCocoa.framework in Frameworks */ = {isa = PBXBuildFile; fileRef = 13665B201E2861EF0054BAF4 /* RxCocoa.framework */; };
		13665B391E2861EF0054BAF4 /* RxCocoa.framework in Embed Frameworks */ = {isa = PBXBuildFile; fileRef = 13665B201E2861EF0054BAF4 /* RxCocoa.framework */; settings = {ATTRIBUTES = (CodeSignOnCopy, RemoveHeadersOnCopy, ); }; };
		13665B3A1E2861EF0054BAF4 /* RxExtensions.framework in Frameworks */ = {isa = PBXBuildFile; fileRef = 13665B211E2861EF0054BAF4 /* RxExtensions.framework */; };
		13665B3B1E2861EF0054BAF4 /* RxExtensions.framework in Embed Frameworks */ = {isa = PBXBuildFile; fileRef = 13665B211E2861EF0054BAF4 /* RxExtensions.framework */; settings = {ATTRIBUTES = (CodeSignOnCopy, RemoveHeadersOnCopy, ); }; };
		13665B3C1E2861EF0054BAF4 /* RxSwift.framework in Frameworks */ = {isa = PBXBuildFile; fileRef = 13665B221E2861EF0054BAF4 /* RxSwift.framework */; };
		13665B3D1E2861EF0054BAF4 /* RxSwift.framework in Embed Frameworks */ = {isa = PBXBuildFile; fileRef = 13665B221E2861EF0054BAF4 /* RxSwift.framework */; settings = {ATTRIBUTES = (CodeSignOnCopy, RemoveHeadersOnCopy, ); }; };
		13665B3E1E2861EF0054BAF4 /* SnapKit.framework in Frameworks */ = {isa = PBXBuildFile; fileRef = 13665B231E2861EF0054BAF4 /* SnapKit.framework */; };
		13665B3F1E2861EF0054BAF4 /* SnapKit.framework in Embed Frameworks */ = {isa = PBXBuildFile; fileRef = 13665B231E2861EF0054BAF4 /* SnapKit.framework */; settings = {ATTRIBUTES = (CodeSignOnCopy, RemoveHeadersOnCopy, ); }; };
		13665B451E2862C00054BAF4 /* MapButton.swift in Sources */ = {isa = PBXBuildFile; fileRef = 13665B441E2862C00054BAF4 /* MapButton.swift */; };
		13665B491E2862E90054BAF4 /* Avatar.swift in Sources */ = {isa = PBXBuildFile; fileRef = 13665B461E2862E90054BAF4 /* Avatar.swift */; };
		13665B4A1E2862E90054BAF4 /* CenterView.swift in Sources */ = {isa = PBXBuildFile; fileRef = 13665B471E2862E90054BAF4 /* CenterView.swift */; };
		13665B4B1E2862E90054BAF4 /* InforMarkerView.swift in Sources */ = {isa = PBXBuildFile; fileRef = 13665B481E2862E90054BAF4 /* InforMarkerView.swift */; };
		13665B591E28634C0054BAF4 /* CompanyConfig.swift in Sources */ = {isa = PBXBuildFile; fileRef = 13665B4D1E28634C0054BAF4 /* CompanyConfig.swift */; };
		13665B5A1E28634C0054BAF4 /* TrackingGSMPoint.swift in Sources */ = {isa = PBXBuildFile; fileRef = 13665B4E1E28634C0054BAF4 /* TrackingGSMPoint.swift */; };
		13665B5B1E28634C0054BAF4 /* TrackingInfo.swift in Sources */ = {isa = PBXBuildFile; fileRef = 13665B4F1E28634C0054BAF4 /* TrackingInfo.swift */; };
		13665B5C1E28634C0054BAF4 /* TrackingSegment.swift in Sources */ = {isa = PBXBuildFile; fileRef = 13665B501E28634C0054BAF4 /* TrackingSegment.swift */; };
		13665B5D1E28634C0054BAF4 /* TrackingStopPoint.swift in Sources */ = {isa = PBXBuildFile; fileRef = 13665B511E28634C0054BAF4 /* TrackingStopPoint.swift */; };
		13665B5E1E28634C0054BAF4 /* TrackingViewModel.swift in Sources */ = {isa = PBXBuildFile; fileRef = 13665B521E28634C0054BAF4 /* TrackingViewModel.swift */; };
		13665B5F1E28634C0054BAF4 /* TripSegment.swift in Sources */ = {isa = PBXBuildFile; fileRef = 13665B531E28634C0054BAF4 /* TripSegment.swift */; };
		13665B601E28634C0054BAF4 /* UserInfo.swift in Sources */ = {isa = PBXBuildFile; fileRef = 13665B541E28634C0054BAF4 /* UserInfo.swift */; };
		13665B611E28634C0054BAF4 /* VehicleExtensions.swift in Sources */ = {isa = PBXBuildFile; fileRef = 13665B551E28634C0054BAF4 /* VehicleExtensions.swift */; };
		13665B621E28634C0054BAF4 /* VehicleStatus.swift in Sources */ = {isa = PBXBuildFile; fileRef = 13665B561E28634C0054BAF4 /* VehicleStatus.swift */; };
		13665B631E28634C0054BAF4 /* VehicleTrip.swift in Sources */ = {isa = PBXBuildFile; fileRef = 13665B571E28634C0054BAF4 /* VehicleTrip.swift */; };
		13665B641E28634C0054BAF4 /* VehicleUpdate.swift in Sources */ = {isa = PBXBuildFile; fileRef = 13665B581E28634C0054BAF4 /* VehicleUpdate.swift */; };
		13665B681E2863720054BAF4 /* PointMarker.swift in Sources */ = {isa = PBXBuildFile; fileRef = 13665B651E2863720054BAF4 /* PointMarker.swift */; };
		13665B691E2863720054BAF4 /* StopMarker.swift in Sources */ = {isa = PBXBuildFile; fileRef = 13665B661E2863720054BAF4 /* StopMarker.swift */; };
		13665B6A1E2863720054BAF4 /* VehicleMarker.swift in Sources */ = {isa = PBXBuildFile; fileRef = 13665B671E2863720054BAF4 /* VehicleMarker.swift */; };
		13665B6C1E2863920054BAF4 /* TrackingMarkerInfoWindow.swift in Sources */ = {isa = PBXBuildFile; fileRef = 13665B6B1E2863920054BAF4 /* TrackingMarkerInfoWindow.swift */; };
		13665B731E2863F30054BAF4 /* MKButton.swift in Sources */ = {isa = PBXBuildFile; fileRef = 13665B6E1E2863F30054BAF4 /* MKButton.swift */; };
		13665B741E2863F30054BAF4 /* MKColor.swift in Sources */ = {isa = PBXBuildFile; fileRef = 13665B6F1E2863F30054BAF4 /* MKColor.swift */; };
		13665B751E2863F30054BAF4 /* MKLayer.swift in Sources */ = {isa = PBXBuildFile; fileRef = 13665B701E2863F30054BAF4 /* MKLayer.swift */; };
		13665B761E2863F30054BAF4 /* MKTableViewCell.swift in Sources */ = {isa = PBXBuildFile; fileRef = 13665B711E2863F30054BAF4 /* MKTableViewCell.swift */; };
		13665B771E2863F30054BAF4 /* MKTextField.swift in Sources */ = {isa = PBXBuildFile; fileRef = 13665B721E2863F30054BAF4 /* MKTextField.swift */; };
		4D6889F11327E654B305A944 /* Pods_TrackingMe.framework in Frameworks */ = {isa = PBXBuildFile; fileRef = 090D9477D51A1B36E405EE2F /* Pods_TrackingMe.framework */; };
		674CC307198381590A33396A /* Pods_TrackingMeTests.framework in Frameworks */ = {isa = PBXBuildFile; fileRef = C790765D955E1D58FC704408 /* Pods_TrackingMeTests.framework */; };
		F3D468462706C343077C0D71 /* Pods_TrackingMeUITests.framework in Frameworks */ = {isa = PBXBuildFile; fileRef = 338010F6C509F4E0C259F03E /* Pods_TrackingMeUITests.framework */; };
/* End PBXBuildFile section */

/* Begin PBXContainerItemProxy section */
		13665A7E1E285CF80054BAF4 /* PBXContainerItemProxy */ = {
			isa = PBXContainerItemProxy;
			containerPortal = 13665A611E285CF80054BAF4 /* Project object */;
			proxyType = 1;
			remoteGlobalIDString = 13665A681E285CF80054BAF4;
			remoteInfo = TrackingMe;
		};
		13665A891E285CF80054BAF4 /* PBXContainerItemProxy */ = {
			isa = PBXContainerItemProxy;
			containerPortal = 13665A611E285CF80054BAF4 /* Project object */;
			proxyType = 1;
			remoteGlobalIDString = 13665A681E285CF80054BAF4;
			remoteInfo = TrackingMe;
		};
/* End PBXContainerItemProxy section */

/* Begin PBXCopyFilesBuildPhase section */
		13665B401E2861EF0054BAF4 /* Embed Frameworks */ = {
			isa = PBXCopyFilesBuildPhase;
			buildActionMask = 2147483647;
			dstPath = "";
			dstSubfolderSpec = 10;
			files = (
				13665B3B1E2861EF0054BAF4 /* RxExtensions.framework in Embed Frameworks */,
				13665B351E2861EF0054BAF4 /* Realm.framework in Embed Frameworks */,
				13665B2F1E2861EF0054BAF4 /* ObjectMapper.framework in Embed Frameworks */,
				13665B3F1E2861EF0054BAF4 /* SnapKit.framework in Embed Frameworks */,
				13665B311E2861EF0054BAF4 /* OptionalExtensions.framework in Embed Frameworks */,
				13665B331E2861EF0054BAF4 /* PHExtensions.framework in Embed Frameworks */,
				13665B291E2861EF0054BAF4 /* CleanroomLogger.framework in Embed Frameworks */,
				13665B3D1E2861EF0054BAF4 /* RxSwift.framework in Embed Frameworks */,
				13665B2B1E2861EF0054BAF4 /* Eureka.framework in Embed Frameworks */,
				13665B371E2861EF0054BAF4 /* RealmSwift.framework in Embed Frameworks */,
				13665B271E2861EF0054BAF4 /* CleanroomASL.framework in Embed Frameworks */,
				13665B2D1E2861EF0054BAF4 /* JGProgressHUD.framework in Embed Frameworks */,
				13665B391E2861EF0054BAF4 /* RxCocoa.framework in Embed Frameworks */,
				13665B251E2861EF0054BAF4 /* Async.framework in Embed Frameworks */,
			);
			name = "Embed Frameworks";
			runOnlyForDeploymentPostprocessing = 0;
		};
/* End PBXCopyFilesBuildPhase section */

/* Begin PBXFileReference section */
		090D9477D51A1B36E405EE2F /* Pods_TrackingMe.framework */ = {isa = PBXFileReference; explicitFileType = wrapper.framework; includeInIndex = 0; path = Pods_TrackingMe.framework; sourceTree = BUILT_PRODUCTS_DIR; };
		13665A691E285CF80054BAF4 /* TrackingMe.app */ = {isa = PBXFileReference; explicitFileType = wrapper.application; includeInIndex = 0; path = TrackingMe.app; sourceTree = BUILT_PRODUCTS_DIR; };
		13665A6C1E285CF80054BAF4 /* AppDelegate.swift */ = {isa = PBXFileReference; lastKnownFileType = sourcecode.swift; path = AppDelegate.swift; sourceTree = "<group>"; };
		13665A6E1E285CF80054BAF4 /* ViewController.swift */ = {isa = PBXFileReference; lastKnownFileType = sourcecode.swift; path = ViewController.swift; sourceTree = "<group>"; };
		13665A711E285CF80054BAF4 /* Base */ = {isa = PBXFileReference; lastKnownFileType = file.storyboard; name = Base; path = Base.lproj/Main.storyboard; sourceTree = "<group>"; };
		13665A731E285CF80054BAF4 /* Assets.xcassets */ = {isa = PBXFileReference; lastKnownFileType = folder.assetcatalog; path = Assets.xcassets; sourceTree = "<group>"; };
		13665A761E285CF80054BAF4 /* Base */ = {isa = PBXFileReference; lastKnownFileType = file.storyboard; name = Base; path = Base.lproj/LaunchScreen.storyboard; sourceTree = "<group>"; };
		13665A781E285CF80054BAF4 /* Info.plist */ = {isa = PBXFileReference; lastKnownFileType = text.plist.xml; path = Info.plist; sourceTree = "<group>"; };
		13665A7D1E285CF80054BAF4 /* TrackingMeTests.xctest */ = {isa = PBXFileReference; explicitFileType = wrapper.cfbundle; includeInIndex = 0; path = TrackingMeTests.xctest; sourceTree = BUILT_PRODUCTS_DIR; };
		13665A811E285CF80054BAF4 /* TrackingMeTests.swift */ = {isa = PBXFileReference; lastKnownFileType = sourcecode.swift; path = TrackingMeTests.swift; sourceTree = "<group>"; };
		13665A831E285CF80054BAF4 /* Info.plist */ = {isa = PBXFileReference; lastKnownFileType = text.plist.xml; path = Info.plist; sourceTree = "<group>"; };
		13665A881E285CF80054BAF4 /* TrackingMeUITests.xctest */ = {isa = PBXFileReference; explicitFileType = wrapper.cfbundle; includeInIndex = 0; path = TrackingMeUITests.xctest; sourceTree = BUILT_PRODUCTS_DIR; };
		13665A8C1E285CF80054BAF4 /* TrackingMeUITests.swift */ = {isa = PBXFileReference; lastKnownFileType = sourcecode.swift; path = TrackingMeUITests.swift; sourceTree = "<group>"; };
		13665A8E1E285CF80054BAF4 /* Info.plist */ = {isa = PBXFileReference; lastKnownFileType = text.plist.xml; path = Info.plist; sourceTree = "<group>"; };
		13665A9C1E28600D0054BAF4 /* GeneralViewController.swift */ = {isa = PBXFileReference; fileEncoding = 4; lastKnownFileType = sourcecode.swift; path = GeneralViewController.swift; sourceTree = "<group>"; };
		13665A9D1E28600D0054BAF4 /* TrackingListsViewController.swift */ = {isa = PBXFileReference; fileEncoding = 4; lastKnownFileType = sourcecode.swift; path = TrackingListsViewController.swift; sourceTree = "<group>"; };
		13665A9E1E28600D0054BAF4 /* TrackingViewController+Rx.swift */ = {isa = PBXFileReference; fileEncoding = 4; lastKnownFileType = sourcecode.swift; path = "TrackingViewController+Rx.swift"; sourceTree = "<group>"; };
		13665A9F1E28600D0054BAF4 /* TrackingViewController.swift */ = {isa = PBXFileReference; fileEncoding = 4; lastKnownFileType = sourcecode.swift; path = TrackingViewController.swift; sourceTree = "<group>"; };
		13665AA11E28600D0054BAF4 /* RealmTracking.swift */ = {isa = PBXFileReference; fileEncoding = 4; lastKnownFileType = sourcecode.swift; path = RealmTracking.swift; sourceTree = "<group>"; };
		13665AA31E28600D0054BAF4 /* DirectionPoint.swift */ = {isa = PBXFileReference; fileEncoding = 4; lastKnownFileType = sourcecode.swift; path = DirectionPoint.swift; sourceTree = "<group>"; };
		13665AA41E28600D0054BAF4 /* Tracking.swift */ = {isa = PBXFileReference; fileEncoding = 4; lastKnownFileType = sourcecode.swift; path = Tracking.swift; sourceTree = "<group>"; };
		13665AA51E28600D0054BAF4 /* TrackingPolyline.swift */ = {isa = PBXFileReference; fileEncoding = 4; lastKnownFileType = sourcecode.swift; path = TrackingPolyline.swift; sourceTree = "<group>"; };
		13665AA71E28600D0054BAF4 /* Color.swift */ = {isa = PBXFileReference; fileEncoding = 4; lastKnownFileType = sourcecode.swift; path = Color.swift; sourceTree = "<group>"; };
		13665AA81E28600D0054BAF4 /* Constants.swift */ = {isa = PBXFileReference; fileEncoding = 4; lastKnownFileType = sourcecode.swift; path = Constants.swift; sourceTree = "<group>"; };
		13665AA91E28600D0054BAF4 /* DatabaseSupport.swift */ = {isa = PBXFileReference; fileEncoding = 4; lastKnownFileType = sourcecode.swift; path = DatabaseSupport.swift; sourceTree = "<group>"; };
		13665AAE1E28600D0054BAF4 /* Realm+Ex.swift */ = {isa = PBXFileReference; fileEncoding = 4; lastKnownFileType = sourcecode.swift; path = "Realm+Ex.swift"; sourceTree = "<group>"; };
		13665AB41E28600D0054BAF4 /* RealmObserver.swift */ = {isa = PBXFileReference; fileEncoding = 4; lastKnownFileType = sourcecode.swift; path = RealmObserver.swift; sourceTree = "<group>"; };
		13665AB51E28600D0054BAF4 /* RxRealm.swift */ = {isa = PBXFileReference; fileEncoding = 4; lastKnownFileType = sourcecode.swift; path = RxRealm.swift; sourceTree = "<group>"; };
		13665AC01E28600D0054BAF4 /* CLLocationManager+Rx.swift */ = {isa = PBXFileReference; fileEncoding = 4; lastKnownFileType = sourcecode.swift; path = "CLLocationManager+Rx.swift"; sourceTree = "<group>"; };
		13665AC11E28600D0054BAF4 /* RxCLLocationManagerDelegateProxy.swift */ = {isa = PBXFileReference; fileEncoding = 4; lastKnownFileType = sourcecode.swift; path = RxCLLocationManagerDelegateProxy.swift; sourceTree = "<group>"; };
		13665AC21E28600D0054BAF4 /* String+Ex.swift */ = {isa = PBXFileReference; fileEncoding = 4; lastKnownFileType = sourcecode.swift; path = "String+Ex.swift"; sourceTree = "<group>"; };
		13665AC41E28600D0054BAF4 /* Extensions.swift */ = {isa = PBXFileReference; fileEncoding = 4; lastKnownFileType = sourcecode.swift; path = Extensions.swift; sourceTree = "<group>"; };
		13665AC51E28600D0054BAF4 /* HUD.swift */ = {isa = PBXFileReference; fileEncoding = 4; lastKnownFileType = sourcecode.swift; path = HUD.swift; sourceTree = "<group>"; };
		13665AC61E28600D0054BAF4 /* Image.swift */ = {isa = PBXFileReference; fileEncoding = 4; lastKnownFileType = sourcecode.swift; path = Image.swift; sourceTree = "<group>"; };
		13665AC81E28600D0054BAF4 /* Lato-BlackItalic.ttf */ = {isa = PBXFileReference; lastKnownFileType = file; path = "Lato-BlackItalic.ttf"; sourceTree = "<group>"; };
		13665AC91E28600D0054BAF4 /* Lato-Bold.ttf */ = {isa = PBXFileReference; lastKnownFileType = file; path = "Lato-Bold.ttf"; sourceTree = "<group>"; };
		13665ACA1E28600D0054BAF4 /* Lato-Italic.ttf */ = {isa = PBXFileReference; lastKnownFileType = file; path = "Lato-Italic.ttf"; sourceTree = "<group>"; };
		13665ACB1E28600D0054BAF4 /* Lato-Light.ttf */ = {isa = PBXFileReference; lastKnownFileType = file; path = "Lato-Light.ttf"; sourceTree = "<group>"; };
		13665ACC1E28600D0054BAF4 /* Lato-Medium.ttf */ = {isa = PBXFileReference; lastKnownFileType = file; path = "Lato-Medium.ttf"; sourceTree = "<group>"; };
		13665ACD1E28600D0054BAF4 /* Lato-Regular.ttf */ = {isa = PBXFileReference; lastKnownFileType = file; path = "Lato-Regular.ttf"; sourceTree = "<group>"; };
		13665ACE1E28600D0054BAF4 /* Lato-Semibold.ttf */ = {isa = PBXFileReference; lastKnownFileType = file; path = "Lato-Semibold.ttf"; sourceTree = "<group>"; };
		13665ACF1E28600D0054BAF4 /* LocationSupport.swift */ = {isa = PBXFileReference; fileEncoding = 4; lastKnownFileType = sourcecode.swift; path = LocationSupport.swift; sourceTree = "<group>"; };
		13665AD01E28600D0054BAF4 /* LoggerSupport.swift */ = {isa = PBXFileReference; fileEncoding = 4; lastKnownFileType = sourcecode.swift; path = LoggerSupport.swift; sourceTree = "<group>"; };
		13665AD31E28600D0054BAF4 /* GMSMapView+Rx.swift */ = {isa = PBXFileReference; fileEncoding = 4; lastKnownFileType = sourcecode.swift; path = "GMSMapView+Rx.swift"; sourceTree = "<group>"; };
		13665AD41E28600D0054BAF4 /* RxGMSMapViewDelegateProxy.swift */ = {isa = PBXFileReference; fileEncoding = 4; lastKnownFileType = sourcecode.swift; path = RxGMSMapViewDelegateProxy.swift; sourceTree = "<group>"; };
		13665AD51E28600D0054BAF4 /* Utility.swift */ = {isa = PBXFileReference; fileEncoding = 4; lastKnownFileType = sourcecode.swift; path = Utility.swift; sourceTree = "<group>"; };
		13665AD81E28600D0054BAF4 /* EmptyTableViewCell.swift */ = {isa = PBXFileReference; fileEncoding = 4; lastKnownFileType = sourcecode.swift; path = EmptyTableViewCell.swift; sourceTree = "<group>"; };
		13665AD91E28600D0054BAF4 /* HeaderTableView.swift */ = {isa = PBXFileReference; fileEncoding = 4; lastKnownFileType = sourcecode.swift; path = HeaderTableView.swift; sourceTree = "<group>"; };
		13665ADA1E28600D0054BAF4 /* SeparatorTableViewCell.swift */ = {isa = PBXFileReference; fileEncoding = 4; lastKnownFileType = sourcecode.swift; path = SeparatorTableViewCell.swift; sourceTree = "<group>"; };
		13665ADB1E28600D0054BAF4 /* TitleSection.swift */ = {isa = PBXFileReference; fileEncoding = 4; lastKnownFileType = sourcecode.swift; path = TitleSection.swift; sourceTree = "<group>"; };
		13665ADC1E28600D0054BAF4 /* TrackingTableViewCell.swift */ = {isa = PBXFileReference; fileEncoding = 4; lastKnownFileType = sourcecode.swift; path = TrackingTableViewCell.swift; sourceTree = "<group>"; };
		13665ADE1E28600D0054BAF4 /* TrackingControlFooterView.swift */ = {isa = PBXFileReference; fileEncoding = 4; lastKnownFileType = sourcecode.swift; path = TrackingControlFooterView.swift; sourceTree = "<group>"; };
		13665ADF1E28600D0054BAF4 /* TrackingFloatView.swift */ = {isa = PBXFileReference; fileEncoding = 4; lastKnownFileType = sourcecode.swift; path = TrackingFloatView.swift; sourceTree = "<group>"; };
		13665B161E2861EF0054BAF4 /* Async.framework */ = {isa = PBXFileReference; lastKnownFileType = wrapper.framework; name = Async.framework; path = TrackingMe/Framework/Async.framework; sourceTree = "<group>"; };
		13665B171E2861EF0054BAF4 /* CleanroomASL.framework */ = {isa = PBXFileReference; lastKnownFileType = wrapper.framework; name = CleanroomASL.framework; path = TrackingMe/Framework/CleanroomASL.framework; sourceTree = "<group>"; };
		13665B181E2861EF0054BAF4 /* CleanroomLogger.framework */ = {isa = PBXFileReference; lastKnownFileType = wrapper.framework; name = CleanroomLogger.framework; path = TrackingMe/Framework/CleanroomLogger.framework; sourceTree = "<group>"; };
		13665B191E2861EF0054BAF4 /* Eureka.framework */ = {isa = PBXFileReference; lastKnownFileType = wrapper.framework; name = Eureka.framework; path = TrackingMe/Framework/Eureka.framework; sourceTree = "<group>"; };
		13665B1A1E2861EF0054BAF4 /* JGProgressHUD.framework */ = {isa = PBXFileReference; lastKnownFileType = wrapper.framework; name = JGProgressHUD.framework; path = TrackingMe/Framework/JGProgressHUD.framework; sourceTree = "<group>"; };
		13665B1B1E2861EF0054BAF4 /* ObjectMapper.framework */ = {isa = PBXFileReference; lastKnownFileType = wrapper.framework; name = ObjectMapper.framework; path = TrackingMe/Framework/ObjectMapper.framework; sourceTree = "<group>"; };
		13665B1C1E2861EF0054BAF4 /* OptionalExtensions.framework */ = {isa = PBXFileReference; lastKnownFileType = wrapper.framework; name = OptionalExtensions.framework; path = TrackingMe/Framework/OptionalExtensions.framework; sourceTree = "<group>"; };
		13665B1D1E2861EF0054BAF4 /* PHExtensions.framework */ = {isa = PBXFileReference; lastKnownFileType = wrapper.framework; name = PHExtensions.framework; path = TrackingMe/Framework/PHExtensions.framework; sourceTree = "<group>"; };
		13665B1E1E2861EF0054BAF4 /* Realm.framework */ = {isa = PBXFileReference; lastKnownFileType = wrapper.framework; name = Realm.framework; path = TrackingMe/Framework/Realm.framework; sourceTree = "<group>"; };
		13665B1F1E2861EF0054BAF4 /* RealmSwift.framework */ = {isa = PBXFileReference; lastKnownFileType = wrapper.framework; name = RealmSwift.framework; path = TrackingMe/Framework/RealmSwift.framework; sourceTree = "<group>"; };
		13665B201E2861EF0054BAF4 /* RxCocoa.framework */ = {isa = PBXFileReference; lastKnownFileType = wrapper.framework; name = RxCocoa.framework; path = TrackingMe/Framework/RxCocoa.framework; sourceTree = "<group>"; };
		13665B211E2861EF0054BAF4 /* RxExtensions.framework */ = {isa = PBXFileReference; lastKnownFileType = wrapper.framework; name = RxExtensions.framework; path = TrackingMe/Framework/RxExtensions.framework; sourceTree = "<group>"; };
		13665B221E2861EF0054BAF4 /* RxSwift.framework */ = {isa = PBXFileReference; lastKnownFileType = wrapper.framework; name = RxSwift.framework; path = TrackingMe/Framework/RxSwift.framework; sourceTree = "<group>"; };
		13665B231E2861EF0054BAF4 /* SnapKit.framework */ = {isa = PBXFileReference; lastKnownFileType = wrapper.framework; name = SnapKit.framework; path = TrackingMe/Framework/SnapKit.framework; sourceTree = "<group>"; };
		13665B441E2862C00054BAF4 /* MapButton.swift */ = {isa = PBXFileReference; fileEncoding = 4; lastKnownFileType = sourcecode.swift; path = MapButton.swift; sourceTree = "<group>"; };
		13665B461E2862E90054BAF4 /* Avatar.swift */ = {isa = PBXFileReference; fileEncoding = 4; lastKnownFileType = sourcecode.swift; path = Avatar.swift; sourceTree = "<group>"; };
		13665B471E2862E90054BAF4 /* CenterView.swift */ = {isa = PBXFileReference; fileEncoding = 4; lastKnownFileType = sourcecode.swift; path = CenterView.swift; sourceTree = "<group>"; };
		13665B481E2862E90054BAF4 /* InforMarkerView.swift */ = {isa = PBXFileReference; fileEncoding = 4; lastKnownFileType = sourcecode.swift; path = InforMarkerView.swift; sourceTree = "<group>"; };
		13665B4D1E28634C0054BAF4 /* CompanyConfig.swift */ = {isa = PBXFileReference; fileEncoding = 4; lastKnownFileType = sourcecode.swift; path = CompanyConfig.swift; sourceTree = "<group>"; };
		13665B4E1E28634C0054BAF4 /* TrackingGSMPoint.swift */ = {isa = PBXFileReference; fileEncoding = 4; lastKnownFileType = sourcecode.swift; path = TrackingGSMPoint.swift; sourceTree = "<group>"; };
		13665B4F1E28634C0054BAF4 /* TrackingInfo.swift */ = {isa = PBXFileReference; fileEncoding = 4; lastKnownFileType = sourcecode.swift; path = TrackingInfo.swift; sourceTree = "<group>"; };
		13665B501E28634C0054BAF4 /* TrackingSegment.swift */ = {isa = PBXFileReference; fileEncoding = 4; lastKnownFileType = sourcecode.swift; path = TrackingSegment.swift; sourceTree = "<group>"; };
		13665B511E28634C0054BAF4 /* TrackingStopPoint.swift */ = {isa = PBXFileReference; fileEncoding = 4; lastKnownFileType = sourcecode.swift; path = TrackingStopPoint.swift; sourceTree = "<group>"; };
		13665B521E28634C0054BAF4 /* TrackingViewModel.swift */ = {isa = PBXFileReference; fileEncoding = 4; lastKnownFileType = sourcecode.swift; path = TrackingViewModel.swift; sourceTree = "<group>"; };
		13665B531E28634C0054BAF4 /* TripSegment.swift */ = {isa = PBXFileReference; fileEncoding = 4; lastKnownFileType = sourcecode.swift; path = TripSegment.swift; sourceTree = "<group>"; };
		13665B541E28634C0054BAF4 /* UserInfo.swift */ = {isa = PBXFileReference; fileEncoding = 4; lastKnownFileType = sourcecode.swift; path = UserInfo.swift; sourceTree = "<group>"; };
		13665B551E28634C0054BAF4 /* VehicleExtensions.swift */ = {isa = PBXFileReference; fileEncoding = 4; lastKnownFileType = sourcecode.swift; path = VehicleExtensions.swift; sourceTree = "<group>"; };
		13665B561E28634C0054BAF4 /* VehicleStatus.swift */ = {isa = PBXFileReference; fileEncoding = 4; lastKnownFileType = sourcecode.swift; path = VehicleStatus.swift; sourceTree = "<group>"; };
		13665B571E28634C0054BAF4 /* VehicleTrip.swift */ = {isa = PBXFileReference; fileEncoding = 4; lastKnownFileType = sourcecode.swift; path = VehicleTrip.swift; sourceTree = "<group>"; };
		13665B581E28634C0054BAF4 /* VehicleUpdate.swift */ = {isa = PBXFileReference; fileEncoding = 4; lastKnownFileType = sourcecode.swift; path = VehicleUpdate.swift; sourceTree = "<group>"; };
		13665B651E2863720054BAF4 /* PointMarker.swift */ = {isa = PBXFileReference; fileEncoding = 4; lastKnownFileType = sourcecode.swift; path = PointMarker.swift; sourceTree = "<group>"; };
		13665B661E2863720054BAF4 /* StopMarker.swift */ = {isa = PBXFileReference; fileEncoding = 4; lastKnownFileType = sourcecode.swift; path = StopMarker.swift; sourceTree = "<group>"; };
		13665B671E2863720054BAF4 /* VehicleMarker.swift */ = {isa = PBXFileReference; fileEncoding = 4; lastKnownFileType = sourcecode.swift; path = VehicleMarker.swift; sourceTree = "<group>"; };
		13665B6B1E2863920054BAF4 /* TrackingMarkerInfoWindow.swift */ = {isa = PBXFileReference; fileEncoding = 4; lastKnownFileType = sourcecode.swift; path = TrackingMarkerInfoWindow.swift; sourceTree = "<group>"; };
		13665B6E1E2863F30054BAF4 /* MKButton.swift */ = {isa = PBXFileReference; fileEncoding = 4; lastKnownFileType = sourcecode.swift; path = MKButton.swift; sourceTree = "<group>"; };
		13665B6F1E2863F30054BAF4 /* MKColor.swift */ = {isa = PBXFileReference; fileEncoding = 4; lastKnownFileType = sourcecode.swift; path = MKColor.swift; sourceTree = "<group>"; };
		13665B701E2863F30054BAF4 /* MKLayer.swift */ = {isa = PBXFileReference; fileEncoding = 4; lastKnownFileType = sourcecode.swift; path = MKLayer.swift; sourceTree = "<group>"; };
		13665B711E2863F30054BAF4 /* MKTableViewCell.swift */ = {isa = PBXFileReference; fileEncoding = 4; lastKnownFileType = sourcecode.swift; path = MKTableViewCell.swift; sourceTree = "<group>"; };
		13665B721E2863F30054BAF4 /* MKTextField.swift */ = {isa = PBXFileReference; fileEncoding = 4; lastKnownFileType = sourcecode.swift; path = MKTextField.swift; sourceTree = "<group>"; };
		338010F6C509F4E0C259F03E /* Pods_TrackingMeUITests.framework */ = {isa = PBXFileReference; explicitFileType = wrapper.framework; includeInIndex = 0; path = Pods_TrackingMeUITests.framework; sourceTree = BUILT_PRODUCTS_DIR; };
		3A461BD7EFAEC5B560E2E86B /* Pods-TrackingMeUITests.release.xcconfig */ = {isa = PBXFileReference; includeInIndex = 1; lastKnownFileType = text.xcconfig; name = "Pods-TrackingMeUITests.release.xcconfig"; path = "Pods/Target Support Files/Pods-TrackingMeUITests/Pods-TrackingMeUITests.release.xcconfig"; sourceTree = "<group>"; };
		6587B65E8667601E24243B52 /* Pods-TrackingMeUITests.debug.xcconfig */ = {isa = PBXFileReference; includeInIndex = 1; lastKnownFileType = text.xcconfig; name = "Pods-TrackingMeUITests.debug.xcconfig"; path = "Pods/Target Support Files/Pods-TrackingMeUITests/Pods-TrackingMeUITests.debug.xcconfig"; sourceTree = "<group>"; };
		C790765D955E1D58FC704408 /* Pods_TrackingMeTests.framework */ = {isa = PBXFileReference; explicitFileType = wrapper.framework; includeInIndex = 0; path = Pods_TrackingMeTests.framework; sourceTree = BUILT_PRODUCTS_DIR; };
		D02FC10A312C0E7EFF02120B /* Pods-TrackingMeTests.debug.xcconfig */ = {isa = PBXFileReference; includeInIndex = 1; lastKnownFileType = text.xcconfig; name = "Pods-TrackingMeTests.debug.xcconfig"; path = "Pods/Target Support Files/Pods-TrackingMeTests/Pods-TrackingMeTests.debug.xcconfig"; sourceTree = "<group>"; };
		D03E9753D63D1EBE6562373F /* Pods-TrackingMe.debug.xcconfig */ = {isa = PBXFileReference; includeInIndex = 1; lastKnownFileType = text.xcconfig; name = "Pods-TrackingMe.debug.xcconfig"; path = "Pods/Target Support Files/Pods-TrackingMe/Pods-TrackingMe.debug.xcconfig"; sourceTree = "<group>"; };
		E3CBC9228FCF9AFBEC04AA70 /* Pods-TrackingMeTests.release.xcconfig */ = {isa = PBXFileReference; includeInIndex = 1; lastKnownFileType = text.xcconfig; name = "Pods-TrackingMeTests.release.xcconfig"; path = "Pods/Target Support Files/Pods-TrackingMeTests/Pods-TrackingMeTests.release.xcconfig"; sourceTree = "<group>"; };
		F4BC5D522157900A1428CDE9 /* Pods-TrackingMe.release.xcconfig */ = {isa = PBXFileReference; includeInIndex = 1; lastKnownFileType = text.xcconfig; name = "Pods-TrackingMe.release.xcconfig"; path = "Pods/Target Support Files/Pods-TrackingMe/Pods-TrackingMe.release.xcconfig"; sourceTree = "<group>"; };
/* End PBXFileReference section */

/* Begin PBXFrameworksBuildPhase section */
		13665A661E285CF80054BAF4 /* Frameworks */ = {
			isa = PBXFrameworksBuildPhase;
			buildActionMask = 2147483647;
			files = (
				13665B381E2861EF0054BAF4 /* RxCocoa.framework in Frameworks */,
				4D6889F11327E654B305A944 /* Pods_TrackingMe.framework in Frameworks */,
				13665B3C1E2861EF0054BAF4 /* RxSwift.framework in Frameworks */,
				13665B3A1E2861EF0054BAF4 /* RxExtensions.framework in Frameworks */,
				13665B281E2861EF0054BAF4 /* CleanroomLogger.framework in Frameworks */,
				13665B2C1E2861EF0054BAF4 /* JGProgressHUD.framework in Frameworks */,
				13665B261E2861EF0054BAF4 /* CleanroomASL.framework in Frameworks */,
				13665B341E2861EF0054BAF4 /* Realm.framework in Frameworks */,
				13665B241E2861EF0054BAF4 /* Async.framework in Frameworks */,
				13665B3E1E2861EF0054BAF4 /* SnapKit.framework in Frameworks */,
				13665B361E2861EF0054BAF4 /* RealmSwift.framework in Frameworks */,
				13665B2A1E2861EF0054BAF4 /* Eureka.framework in Frameworks */,
				13665B301E2861EF0054BAF4 /* OptionalExtensions.framework in Frameworks */,
				13665B2E1E2861EF0054BAF4 /* ObjectMapper.framework in Frameworks */,
				13665B321E2861EF0054BAF4 /* PHExtensions.framework in Frameworks */,
			);
			runOnlyForDeploymentPostprocessing = 0;
		};
		13665A7A1E285CF80054BAF4 /* Frameworks */ = {
			isa = PBXFrameworksBuildPhase;
			buildActionMask = 2147483647;
			files = (
				674CC307198381590A33396A /* Pods_TrackingMeTests.framework in Frameworks */,
			);
			runOnlyForDeploymentPostprocessing = 0;
		};
		13665A851E285CF80054BAF4 /* Frameworks */ = {
			isa = PBXFrameworksBuildPhase;
			buildActionMask = 2147483647;
			files = (
				F3D468462706C343077C0D71 /* Pods_TrackingMeUITests.framework in Frameworks */,
			);
			runOnlyForDeploymentPostprocessing = 0;
		};
/* End PBXFrameworksBuildPhase section */

/* Begin PBXGroup section */
		13665A601E285CF80054BAF4 = {
			isa = PBXGroup;
			children = (
				13665A6B1E285CF80054BAF4 /* TrackingMe */,
				13665A801E285CF80054BAF4 /* TrackingMeTests */,
				13665A8B1E285CF80054BAF4 /* TrackingMeUITests */,
				13665A6A1E285CF80054BAF4 /* Products */,
				C9A7FA1F4516CB25EFC2E702 /* Pods */,
				AC8DED74E51CF020785F5D30 /* Frameworks */,
			);
			sourceTree = "<group>";
		};
		13665A6A1E285CF80054BAF4 /* Products */ = {
			isa = PBXGroup;
			children = (
				13665A691E285CF80054BAF4 /* TrackingMe.app */,
				13665A7D1E285CF80054BAF4 /* TrackingMeTests.xctest */,
				13665A881E285CF80054BAF4 /* TrackingMeUITests.xctest */,
			);
			name = Products;
			sourceTree = "<group>";
		};
		13665A6B1E285CF80054BAF4 /* TrackingMe */ = {
			isa = PBXGroup;
			children = (
				13665AA01E28600D0054BAF4 /* Database */,
				13665A9A1E28600D0054BAF4 /* Controllers */,
				13665AA21E28600D0054BAF4 /* Model */,
				13665AA61E28600D0054BAF4 /* Supports */,
				13665AD61E28600D0054BAF4 /* Views */,
				13665A6C1E285CF80054BAF4 /* AppDelegate.swift */,
				13665A6E1E285CF80054BAF4 /* ViewController.swift */,
				13665A701E285CF80054BAF4 /* Main.storyboard */,
				13665A731E285CF80054BAF4 /* Assets.xcassets */,
				13665A751E285CF80054BAF4 /* LaunchScreen.storyboard */,
				13665A781E285CF80054BAF4 /* Info.plist */,
				13665B411E2861F40054BAF4 /* Libraries */,
			);
			path = TrackingMe;
			sourceTree = "<group>";
		};
		13665A801E285CF80054BAF4 /* TrackingMeTests */ = {
			isa = PBXGroup;
			children = (
				13665A811E285CF80054BAF4 /* TrackingMeTests.swift */,
				13665A831E285CF80054BAF4 /* Info.plist */,
			);
			path = TrackingMeTests;
			sourceTree = "<group>";
		};
		13665A8B1E285CF80054BAF4 /* TrackingMeUITests */ = {
			isa = PBXGroup;
			children = (
				13665A8C1E285CF80054BAF4 /* TrackingMeUITests.swift */,
				13665A8E1E285CF80054BAF4 /* Info.plist */,
			);
			path = TrackingMeUITests;
			sourceTree = "<group>";
		};
		13665A9A1E28600D0054BAF4 /* Controllers */ = {
			isa = PBXGroup;
			children = (
				13665A9B1E28600D0054BAF4 /* General */,
				13665A9D1E28600D0054BAF4 /* TrackingListsViewController.swift */,
				13665A9E1E28600D0054BAF4 /* TrackingViewController+Rx.swift */,
				13665A9F1E28600D0054BAF4 /* TrackingViewController.swift */,
			);
			path = Controllers;
			sourceTree = "<group>";
		};
		13665A9B1E28600D0054BAF4 /* General */ = {
			isa = PBXGroup;
			children = (
				13665A9C1E28600D0054BAF4 /* GeneralViewController.swift */,
			);
			path = General;
			sourceTree = "<group>";
		};
		13665AA01E28600D0054BAF4 /* Database */ = {
			isa = PBXGroup;
			children = (
				13665AA11E28600D0054BAF4 /* RealmTracking.swift */,
			);
			path = Database;
			sourceTree = "<group>";
		};
		13665AA21E28600D0054BAF4 /* Model */ = {
			isa = PBXGroup;
			children = (
				13665B4C1E28634C0054BAF4 /* Tracker */,
				13665B421E2862500054BAF4 /* Tracking */,
			);
			path = Model;
			sourceTree = "<group>";
		};
		13665AA61E28600D0054BAF4 /* Supports */ = {
			isa = PBXGroup;
			children = (
				13665AA71E28600D0054BAF4 /* Color.swift */,
				13665AA81E28600D0054BAF4 /* Constants.swift */,
				13665AA91E28600D0054BAF4 /* DatabaseSupport.swift */,
				13665AAA1E28600D0054BAF4 /* Extensions */,
				13665AC41E28600D0054BAF4 /* Extensions.swift */,
				13665AC51E28600D0054BAF4 /* HUD.swift */,
				13665AC61E28600D0054BAF4 /* Image.swift */,
				13665AC71E28600D0054BAF4 /* Lato Font */,
				13665ACF1E28600D0054BAF4 /* LocationSupport.swift */,
				13665AD01E28600D0054BAF4 /* LoggerSupport.swift */,
				13665AD11E28600D0054BAF4 /* Rx */,
				13665AD51E28600D0054BAF4 /* Utility.swift */,
			);
			path = Supports;
			sourceTree = "<group>";
		};
		13665AAA1E28600D0054BAF4 /* Extensions */ = {
			isa = PBXGroup;
			children = (
				13665AC21E28600D0054BAF4 /* String+Ex.swift */,
				13665AAE1E28600D0054BAF4 /* Realm+Ex.swift */,
				13665AAF1E28600D0054BAF4 /* Rx */,
			);
			path = Extensions;
			sourceTree = "<group>";
		};
		13665AAF1E28600D0054BAF4 /* Rx */ = {
			isa = PBXGroup;
			children = (
				13665AB31E28600D0054BAF4 /* Realm */,
				13665ABF1E28600D0054BAF4 /* RxLocation */,
			);
			path = Rx;
			sourceTree = "<group>";
		};
		13665AB31E28600D0054BAF4 /* Realm */ = {
			isa = PBXGroup;
			children = (
				13665AB41E28600D0054BAF4 /* RealmObserver.swift */,
				13665AB51E28600D0054BAF4 /* RxRealm.swift */,
			);
			path = Realm;
			sourceTree = "<group>";
		};
		13665ABF1E28600D0054BAF4 /* RxLocation */ = {
			isa = PBXGroup;
			children = (
				13665AC01E28600D0054BAF4 /* CLLocationManager+Rx.swift */,
				13665AC11E28600D0054BAF4 /* RxCLLocationManagerDelegateProxy.swift */,
			);
			path = RxLocation;
			sourceTree = "<group>";
		};
		13665AC71E28600D0054BAF4 /* Lato Font */ = {
			isa = PBXGroup;
			children = (
				13665AC81E28600D0054BAF4 /* Lato-BlackItalic.ttf */,
				13665AC91E28600D0054BAF4 /* Lato-Bold.ttf */,
				13665ACA1E28600D0054BAF4 /* Lato-Italic.ttf */,
				13665ACB1E28600D0054BAF4 /* Lato-Light.ttf */,
				13665ACC1E28600D0054BAF4 /* Lato-Medium.ttf */,
				13665ACD1E28600D0054BAF4 /* Lato-Regular.ttf */,
				13665ACE1E28600D0054BAF4 /* Lato-Semibold.ttf */,
			);
			path = "Lato Font";
			sourceTree = "<group>";
		};
		13665AD11E28600D0054BAF4 /* Rx */ = {
			isa = PBXGroup;
			children = (
				13665AD21E28600D0054BAF4 /* GoogleMap */,
			);
			path = Rx;
			sourceTree = "<group>";
		};
		13665AD21E28600D0054BAF4 /* GoogleMap */ = {
			isa = PBXGroup;
			children = (
				13665AD31E28600D0054BAF4 /* GMSMapView+Rx.swift */,
				13665AD41E28600D0054BAF4 /* RxGMSMapViewDelegateProxy.swift */,
			);
			path = GoogleMap;
			sourceTree = "<group>";
		};
		13665AD61E28600D0054BAF4 /* Views */ = {
			isa = PBXGroup;
			children = (
				13665B431E2862C00054BAF4 /* Customs */,
				13665AD71E28600D0054BAF4 /* Cell */,
				13665ADD1E28600D0054BAF4 /* Tracking */,
			);
			path = Views;
			sourceTree = "<group>";
		};
		13665AD71E28600D0054BAF4 /* Cell */ = {
			isa = PBXGroup;
			children = (
				13665AD81E28600D0054BAF4 /* EmptyTableViewCell.swift */,
				13665AD91E28600D0054BAF4 /* HeaderTableView.swift */,
				13665ADA1E28600D0054BAF4 /* SeparatorTableViewCell.swift */,
				13665ADB1E28600D0054BAF4 /* TitleSection.swift */,
				13665ADC1E28600D0054BAF4 /* TrackingTableViewCell.swift */,
			);
			path = Cell;
			sourceTree = "<group>";
		};
		13665ADD1E28600D0054BAF4 /* Tracking */ = {
			isa = PBXGroup;
			children = (
				13665B6B1E2863920054BAF4 /* TrackingMarkerInfoWindow.swift */,
				13665ADE1E28600D0054BAF4 /* TrackingControlFooterView.swift */,
				13665ADF1E28600D0054BAF4 /* TrackingFloatView.swift */,
			);
			path = Tracking;
			sourceTree = "<group>";
		};
		13665B411E2861F40054BAF4 /* Libraries */ = {
			isa = PBXGroup;
			children = (
				13665B161E2861EF0054BAF4 /* Async.framework */,
				13665B171E2861EF0054BAF4 /* CleanroomASL.framework */,
				13665B181E2861EF0054BAF4 /* CleanroomLogger.framework */,
				13665B191E2861EF0054BAF4 /* Eureka.framework */,
				13665B1A1E2861EF0054BAF4 /* JGProgressHUD.framework */,
				13665B1B1E2861EF0054BAF4 /* ObjectMapper.framework */,
				13665B1C1E2861EF0054BAF4 /* OptionalExtensions.framework */,
				13665B1D1E2861EF0054BAF4 /* PHExtensions.framework */,
				13665B1E1E2861EF0054BAF4 /* Realm.framework */,
				13665B1F1E2861EF0054BAF4 /* RealmSwift.framework */,
				13665B201E2861EF0054BAF4 /* RxCocoa.framework */,
				13665B211E2861EF0054BAF4 /* RxExtensions.framework */,
				13665B221E2861EF0054BAF4 /* RxSwift.framework */,
				13665B231E2861EF0054BAF4 /* SnapKit.framework */,
			);
			name = Libraries;
			path = ..;
			sourceTree = "<group>";
		};
		13665B421E2862500054BAF4 /* Tracking */ = {
			isa = PBXGroup;
			children = (
				13665AA31E28600D0054BAF4 /* DirectionPoint.swift */,
				13665AA41E28600D0054BAF4 /* Tracking.swift */,
				13665AA51E28600D0054BAF4 /* TrackingPolyline.swift */,
			);
			name = Tracking;
			sourceTree = "<group>";
		};
		13665B431E2862C00054BAF4 /* Customs */ = {
			isa = PBXGroup;
			children = (
				13665B6D1E2863F30054BAF4 /* MateriaKit */,
				13665B441E2862C00054BAF4 /* MapButton.swift */,
				13665B461E2862E90054BAF4 /* Avatar.swift */,
				13665B471E2862E90054BAF4 /* CenterView.swift */,
				13665B481E2862E90054BAF4 /* InforMarkerView.swift */,
				13665B651E2863720054BAF4 /* PointMarker.swift */,
				13665B661E2863720054BAF4 /* StopMarker.swift */,
				13665B671E2863720054BAF4 /* VehicleMarker.swift */,
			);
			path = Customs;
			sourceTree = "<group>";
		};
		13665B4C1E28634C0054BAF4 /* Tracker */ = {
			isa = PBXGroup;
			children = (
				13665B4D1E28634C0054BAF4 /* CompanyConfig.swift */,
				13665B4E1E28634C0054BAF4 /* TrackingGSMPoint.swift */,
				13665B4F1E28634C0054BAF4 /* TrackingInfo.swift */,
				13665B501E28634C0054BAF4 /* TrackingSegment.swift */,
				13665B511E28634C0054BAF4 /* TrackingStopPoint.swift */,
				13665B521E28634C0054BAF4 /* TrackingViewModel.swift */,
				13665B531E28634C0054BAF4 /* TripSegment.swift */,
				13665B541E28634C0054BAF4 /* UserInfo.swift */,
				13665B551E28634C0054BAF4 /* VehicleExtensions.swift */,
				13665B561E28634C0054BAF4 /* VehicleStatus.swift */,
				13665B571E28634C0054BAF4 /* VehicleTrip.swift */,
				13665B581E28634C0054BAF4 /* VehicleUpdate.swift */,
			);
			path = Tracker;
			sourceTree = "<group>";
		};
		13665B6D1E2863F30054BAF4 /* MateriaKit */ = {
			isa = PBXGroup;
			children = (
				13665B6E1E2863F30054BAF4 /* MKButton.swift */,
				13665B6F1E2863F30054BAF4 /* MKColor.swift */,
				13665B701E2863F30054BAF4 /* MKLayer.swift */,
				13665B711E2863F30054BAF4 /* MKTableViewCell.swift */,
				13665B721E2863F30054BAF4 /* MKTextField.swift */,
			);
			name = MateriaKit;
			path = TrackingMe/Views/MateriaKit;
			sourceTree = SOURCE_ROOT;
		};
		AC8DED74E51CF020785F5D30 /* Frameworks */ = {
			isa = PBXGroup;
			children = (
				090D9477D51A1B36E405EE2F /* Pods_TrackingMe.framework */,
				C790765D955E1D58FC704408 /* Pods_TrackingMeTests.framework */,
				338010F6C509F4E0C259F03E /* Pods_TrackingMeUITests.framework */,
			);
			name = Frameworks;
			sourceTree = "<group>";
		};
		C9A7FA1F4516CB25EFC2E702 /* Pods */ = {
			isa = PBXGroup;
			children = (
				D03E9753D63D1EBE6562373F /* Pods-TrackingMe.debug.xcconfig */,
				F4BC5D522157900A1428CDE9 /* Pods-TrackingMe.release.xcconfig */,
				D02FC10A312C0E7EFF02120B /* Pods-TrackingMeTests.debug.xcconfig */,
				E3CBC9228FCF9AFBEC04AA70 /* Pods-TrackingMeTests.release.xcconfig */,
				6587B65E8667601E24243B52 /* Pods-TrackingMeUITests.debug.xcconfig */,
				3A461BD7EFAEC5B560E2E86B /* Pods-TrackingMeUITests.release.xcconfig */,
			);
			name = Pods;
			sourceTree = "<group>";
		};
/* End PBXGroup section */

/* Begin PBXNativeTarget section */
		13665A681E285CF80054BAF4 /* TrackingMe */ = {
			isa = PBXNativeTarget;
			buildConfigurationList = 13665A911E285CF80054BAF4 /* Build configuration list for PBXNativeTarget "TrackingMe" */;
			buildPhases = (
				0B35AEAA3BDA4075C98565BE /* [CP] Check Pods Manifest.lock */,
				13665A651E285CF80054BAF4 /* Sources */,
				13665A661E285CF80054BAF4 /* Frameworks */,
				13665A671E285CF80054BAF4 /* Resources */,
				ED76E9EA2177FFDABF796929 /* [CP] Embed Pods Frameworks */,
				FF1D0AF9398F139E8EC88481 /* [CP] Copy Pods Resources */,
				13665B401E2861EF0054BAF4 /* Embed Frameworks */,
			);
			buildRules = (
			);
			dependencies = (
			);
			name = TrackingMe;
			productName = TrackingMe;
			productReference = 13665A691E285CF80054BAF4 /* TrackingMe.app */;
			productType = "com.apple.product-type.application";
		};
		13665A7C1E285CF80054BAF4 /* TrackingMeTests */ = {
			isa = PBXNativeTarget;
			buildConfigurationList = 13665A941E285CF80054BAF4 /* Build configuration list for PBXNativeTarget "TrackingMeTests" */;
			buildPhases = (
				289B67BAE86BCE4854A74548 /* [CP] Check Pods Manifest.lock */,
				13665A791E285CF80054BAF4 /* Sources */,
				13665A7A1E285CF80054BAF4 /* Frameworks */,
				13665A7B1E285CF80054BAF4 /* Resources */,
				B2713746A0B75DF11F44A10F /* [CP] Embed Pods Frameworks */,
				758EEC35870EDD5813820990 /* [CP] Copy Pods Resources */,
			);
			buildRules = (
			);
			dependencies = (
				13665A7F1E285CF80054BAF4 /* PBXTargetDependency */,
			);
			name = TrackingMeTests;
			productName = TrackingMeTests;
			productReference = 13665A7D1E285CF80054BAF4 /* TrackingMeTests.xctest */;
			productType = "com.apple.product-type.bundle.unit-test";
		};
		13665A871E285CF80054BAF4 /* TrackingMeUITests */ = {
			isa = PBXNativeTarget;
			buildConfigurationList = 13665A971E285CF80054BAF4 /* Build configuration list for PBXNativeTarget "TrackingMeUITests" */;
			buildPhases = (
				41332904A2616421CC5860BD /* [CP] Check Pods Manifest.lock */,
				13665A841E285CF80054BAF4 /* Sources */,
				13665A851E285CF80054BAF4 /* Frameworks */,
				13665A861E285CF80054BAF4 /* Resources */,
				FFED524FB8132A85C0E40B5A /* [CP] Embed Pods Frameworks */,
				D4E93B16702C763A140DF358 /* [CP] Copy Pods Resources */,
			);
			buildRules = (
			);
			dependencies = (
				13665A8A1E285CF80054BAF4 /* PBXTargetDependency */,
			);
			name = TrackingMeUITests;
			productName = TrackingMeUITests;
			productReference = 13665A881E285CF80054BAF4 /* TrackingMeUITests.xctest */;
			productType = "com.apple.product-type.bundle.ui-testing";
		};
/* End PBXNativeTarget section */

/* Begin PBXProject section */
		13665A611E285CF80054BAF4 /* Project object */ = {
			isa = PBXProject;
			attributes = {
				LastSwiftUpdateCheck = 0820;
				LastUpgradeCheck = 0820;
				ORGANIZATIONNAME = "Thành Lã";
				TargetAttributes = {
					13665A681E285CF80054BAF4 = {
						CreatedOnToolsVersion = 8.2.1;
						DevelopmentTeam = AQ4F7PFFSM;
						ProvisioningStyle = Automatic;
					};
					13665A7C1E285CF80054BAF4 = {
						CreatedOnToolsVersion = 8.2.1;
						DevelopmentTeam = AQ4F7PFFSM;
						ProvisioningStyle = Automatic;
						TestTargetID = 13665A681E285CF80054BAF4;
					};
					13665A871E285CF80054BAF4 = {
						CreatedOnToolsVersion = 8.2.1;
						DevelopmentTeam = AQ4F7PFFSM;
						ProvisioningStyle = Automatic;
						TestTargetID = 13665A681E285CF80054BAF4;
					};
				};
			};
			buildConfigurationList = 13665A641E285CF80054BAF4 /* Build configuration list for PBXProject "TrackingMe" */;
			compatibilityVersion = "Xcode 3.2";
			developmentRegion = English;
			hasScannedForEncodings = 0;
			knownRegions = (
				en,
				Base,
			);
			mainGroup = 13665A601E285CF80054BAF4;
			productRefGroup = 13665A6A1E285CF80054BAF4 /* Products */;
			projectDirPath = "";
			projectRoot = "";
			targets = (
				13665A681E285CF80054BAF4 /* TrackingMe */,
				13665A7C1E285CF80054BAF4 /* TrackingMeTests */,
				13665A871E285CF80054BAF4 /* TrackingMeUITests */,
			);
		};
/* End PBXProject section */

/* Begin PBXResourcesBuildPhase section */
		13665A671E285CF80054BAF4 /* Resources */ = {
			isa = PBXResourcesBuildPhase;
			buildActionMask = 2147483647;
			files = (
				13665B021E28600D0054BAF4 /* Lato-BlackItalic.ttf in Resources */,
				13665B061E28600D0054BAF4 /* Lato-Medium.ttf in Resources */,
				13665B031E28600D0054BAF4 /* Lato-Bold.ttf in Resources */,
				13665A771E285CF80054BAF4 /* LaunchScreen.storyboard in Resources */,
				13665B071E28600D0054BAF4 /* Lato-Regular.ttf in Resources */,
				13665B081E28600D0054BAF4 /* Lato-Semibold.ttf in Resources */,
				13665A741E285CF80054BAF4 /* Assets.xcassets in Resources */,
				13665B041E28600D0054BAF4 /* Lato-Italic.ttf in Resources */,
				13665A721E285CF80054BAF4 /* Main.storyboard in Resources */,
				13665B051E28600D0054BAF4 /* Lato-Light.ttf in Resources */,
			);
			runOnlyForDeploymentPostprocessing = 0;
		};
		13665A7B1E285CF80054BAF4 /* Resources */ = {
			isa = PBXResourcesBuildPhase;
			buildActionMask = 2147483647;
			files = (
			);
			runOnlyForDeploymentPostprocessing = 0;
		};
		13665A861E285CF80054BAF4 /* Resources */ = {
			isa = PBXResourcesBuildPhase;
			buildActionMask = 2147483647;
			files = (
			);
			runOnlyForDeploymentPostprocessing = 0;
		};
/* End PBXResourcesBuildPhase section */

/* Begin PBXShellScriptBuildPhase section */
		0B35AEAA3BDA4075C98565BE /* [CP] Check Pods Manifest.lock */ = {
			isa = PBXShellScriptBuildPhase;
			buildActionMask = 2147483647;
			files = (
			);
			inputPaths = (
			);
			name = "[CP] Check Pods Manifest.lock";
			outputPaths = (
			);
			runOnlyForDeploymentPostprocessing = 0;
			shellPath = /bin/sh;
			shellScript = "diff \"${PODS_ROOT}/../Podfile.lock\" \"${PODS_ROOT}/Manifest.lock\" > /dev/null\nif [ $? != 0 ] ; then\n    # print error to STDERR\n    echo \"error: The sandbox is not in sync with the Podfile.lock. Run 'pod install' or update your CocoaPods installation.\" >&2\n    exit 1\nfi\n";
			showEnvVarsInLog = 0;
		};
		289B67BAE86BCE4854A74548 /* [CP] Check Pods Manifest.lock */ = {
			isa = PBXShellScriptBuildPhase;
			buildActionMask = 2147483647;
			files = (
			);
			inputPaths = (
			);
			name = "[CP] Check Pods Manifest.lock";
			outputPaths = (
			);
			runOnlyForDeploymentPostprocessing = 0;
			shellPath = /bin/sh;
			shellScript = "diff \"${PODS_ROOT}/../Podfile.lock\" \"${PODS_ROOT}/Manifest.lock\" > /dev/null\nif [ $? != 0 ] ; then\n    # print error to STDERR\n    echo \"error: The sandbox is not in sync with the Podfile.lock. Run 'pod install' or update your CocoaPods installation.\" >&2\n    exit 1\nfi\n";
			showEnvVarsInLog = 0;
		};
		41332904A2616421CC5860BD /* [CP] Check Pods Manifest.lock */ = {
			isa = PBXShellScriptBuildPhase;
			buildActionMask = 2147483647;
			files = (
			);
			inputPaths = (
			);
			name = "[CP] Check Pods Manifest.lock";
			outputPaths = (
			);
			runOnlyForDeploymentPostprocessing = 0;
			shellPath = /bin/sh;
			shellScript = "diff \"${PODS_ROOT}/../Podfile.lock\" \"${PODS_ROOT}/Manifest.lock\" > /dev/null\nif [ $? != 0 ] ; then\n    # print error to STDERR\n    echo \"error: The sandbox is not in sync with the Podfile.lock. Run 'pod install' or update your CocoaPods installation.\" >&2\n    exit 1\nfi\n";
			showEnvVarsInLog = 0;
		};
		758EEC35870EDD5813820990 /* [CP] Copy Pods Resources */ = {
			isa = PBXShellScriptBuildPhase;
			buildActionMask = 2147483647;
			files = (
			);
			inputPaths = (
			);
			name = "[CP] Copy Pods Resources";
			outputPaths = (
			);
			runOnlyForDeploymentPostprocessing = 0;
			shellPath = /bin/sh;
			shellScript = "\"${SRCROOT}/Pods/Target Support Files/Pods-TrackingMeTests/Pods-TrackingMeTests-resources.sh\"\n";
			showEnvVarsInLog = 0;
		};
		B2713746A0B75DF11F44A10F /* [CP] Embed Pods Frameworks */ = {
			isa = PBXShellScriptBuildPhase;
			buildActionMask = 2147483647;
			files = (
			);
			inputPaths = (
			);
			name = "[CP] Embed Pods Frameworks";
			outputPaths = (
			);
			runOnlyForDeploymentPostprocessing = 0;
			shellPath = /bin/sh;
			shellScript = "\"${SRCROOT}/Pods/Target Support Files/Pods-TrackingMeTests/Pods-TrackingMeTests-frameworks.sh\"\n";
			showEnvVarsInLog = 0;
		};
		D4E93B16702C763A140DF358 /* [CP] Copy Pods Resources */ = {
			isa = PBXShellScriptBuildPhase;
			buildActionMask = 2147483647;
			files = (
			);
			inputPaths = (
			);
			name = "[CP] Copy Pods Resources";
			outputPaths = (
			);
			runOnlyForDeploymentPostprocessing = 0;
			shellPath = /bin/sh;
			shellScript = "\"${SRCROOT}/Pods/Target Support Files/Pods-TrackingMeUITests/Pods-TrackingMeUITests-resources.sh\"\n";
			showEnvVarsInLog = 0;
		};
		ED76E9EA2177FFDABF796929 /* [CP] Embed Pods Frameworks */ = {
			isa = PBXShellScriptBuildPhase;
			buildActionMask = 2147483647;
			files = (
			);
			inputPaths = (
			);
			name = "[CP] Embed Pods Frameworks";
			outputPaths = (
			);
			runOnlyForDeploymentPostprocessing = 0;
			shellPath = /bin/sh;
			shellScript = "\"${SRCROOT}/Pods/Target Support Files/Pods-TrackingMe/Pods-TrackingMe-frameworks.sh\"\n";
			showEnvVarsInLog = 0;
		};
		FF1D0AF9398F139E8EC88481 /* [CP] Copy Pods Resources */ = {
			isa = PBXShellScriptBuildPhase;
			buildActionMask = 2147483647;
			files = (
			);
			inputPaths = (
			);
			name = "[CP] Copy Pods Resources";
			outputPaths = (
			);
			runOnlyForDeploymentPostprocessing = 0;
			shellPath = /bin/sh;
			shellScript = "\"${SRCROOT}/Pods/Target Support Files/Pods-TrackingMe/Pods-TrackingMe-resources.sh\"\n";
			showEnvVarsInLog = 0;
		};
		FFED524FB8132A85C0E40B5A /* [CP] Embed Pods Frameworks */ = {
			isa = PBXShellScriptBuildPhase;
			buildActionMask = 2147483647;
			files = (
			);
			inputPaths = (
			);
			name = "[CP] Embed Pods Frameworks";
			outputPaths = (
			);
			runOnlyForDeploymentPostprocessing = 0;
			shellPath = /bin/sh;
			shellScript = "\"${SRCROOT}/Pods/Target Support Files/Pods-TrackingMeUITests/Pods-TrackingMeUITests-frameworks.sh\"\n";
			showEnvVarsInLog = 0;
		};
/* End PBXShellScriptBuildPhase section */

/* Begin PBXSourcesBuildPhase section */
		13665A651E285CF80054BAF4 /* Sources */ = {
			isa = PBXSourcesBuildPhase;
			buildActionMask = 2147483647;
			files = (
				13665B0F1E28600D0054BAF4 /* HeaderTableView.swift in Sources */,
				13665AE81E28600D0054BAF4 /* TrackingPolyline.swift in Sources */,
				13665AE11E28600D0054BAF4 /* GeneralViewController.swift in Sources */,
				13665AF31E28600D0054BAF4 /* RxRealm.swift in Sources */,
				13665AEF1E28600D0054BAF4 /* Realm+Ex.swift in Sources */,
				13665B0C1E28600D0054BAF4 /* RxGMSMapViewDelegateProxy.swift in Sources */,
				13665B601E28634C0054BAF4 /* UserInfo.swift in Sources */,
				13665B681E2863720054BAF4 /* PointMarker.swift in Sources */,
				13665AE91E28600D0054BAF4 /* Color.swift in Sources */,
				13665B771E2863F30054BAF4 /* MKTextField.swift in Sources */,
				13665B6A1E2863720054BAF4 /* VehicleMarker.swift in Sources */,
				13665A6F1E285CF80054BAF4 /* ViewController.swift in Sources */,
				13665B141E28600D0054BAF4 /* TrackingFloatView.swift in Sources */,
				13665B731E2863F30054BAF4 /* MKButton.swift in Sources */,
				13665B5D1E28634C0054BAF4 /* TrackingStopPoint.swift in Sources */,
				13665AE61E28600D0054BAF4 /* DirectionPoint.swift in Sources */,
				13665B6C1E2863920054BAF4 /* TrackingMarkerInfoWindow.swift in Sources */,
				13665B751E2863F30054BAF4 /* MKLayer.swift in Sources */,
				13665B591E28634C0054BAF4 /* CompanyConfig.swift in Sources */,
				13665AFC1E28600D0054BAF4 /* RxCLLocationManagerDelegateProxy.swift in Sources */,
				13665B011E28600D0054BAF4 /* Image.swift in Sources */,
				13665B5A1E28634C0054BAF4 /* TrackingGSMPoint.swift in Sources */,
				13665B761E2863F30054BAF4 /* MKTableViewCell.swift in Sources */,
				13665B5F1E28634C0054BAF4 /* TripSegment.swift in Sources */,
				13665B001E28600D0054BAF4 /* HUD.swift in Sources */,
				13665B691E2863720054BAF4 /* StopMarker.swift in Sources */,
				13665B621E28634C0054BAF4 /* VehicleStatus.swift in Sources */,
				13665B631E28634C0054BAF4 /* VehicleTrip.swift in Sources */,
				13665B0E1E28600D0054BAF4 /* EmptyTableViewCell.swift in Sources */,
				13665B5E1E28634C0054BAF4 /* TrackingViewModel.swift in Sources */,
				13665B451E2862C00054BAF4 /* MapButton.swift in Sources */,
				13665B0D1E28600D0054BAF4 /* Utility.swift in Sources */,
				13665B131E28600D0054BAF4 /* TrackingControlFooterView.swift in Sources */,
				13665B611E28634C0054BAF4 /* VehicleExtensions.swift in Sources */,
				13665B101E28600D0054BAF4 /* SeparatorTableViewCell.swift in Sources */,
				13665AEB1E28600D0054BAF4 /* DatabaseSupport.swift in Sources */,
				13665A6D1E285CF80054BAF4 /* AppDelegate.swift in Sources */,
				13665B5C1E28634C0054BAF4 /* TrackingSegment.swift in Sources */,
				13665B111E28600D0054BAF4 /* TitleSection.swift in Sources */,
				13665AE41E28600D0054BAF4 /* TrackingViewController.swift in Sources */,
				13665AFD1E28600D0054BAF4 /* String+Ex.swift in Sources */,
				13665AE21E28600D0054BAF4 /* TrackingListsViewController.swift in Sources */,
				13665AE71E28600D0054BAF4 /* Tracking.swift in Sources */,
				13665B0B1E28600D0054BAF4 /* GMSMapView+Rx.swift in Sources */,
				13665B4A1E2862E90054BAF4 /* CenterView.swift in Sources */,
				13665B641E28634C0054BAF4 /* VehicleUpdate.swift in Sources */,
				13665AE51E28600D0054BAF4 /* RealmTracking.swift in Sources */,
				13665AE31E28600D0054BAF4 /* TrackingViewController+Rx.swift in Sources */,
				13665B4B1E2862E90054BAF4 /* InforMarkerView.swift in Sources */,
				13665B091E28600D0054BAF4 /* LocationSupport.swift in Sources */,
				13665B741E2863F30054BAF4 /* MKColor.swift in Sources */,
				13665AEA1E28600D0054BAF4 /* Constants.swift in Sources */,
				13665B491E2862E90054BAF4 /* Avatar.swift in Sources */,
				13665B121E28600D0054BAF4 /* TrackingTableViewCell.swift in Sources */,
				13665B0A1E28600D0054BAF4 /* LoggerSupport.swift in Sources */,
				13665AFB1E28600D0054BAF4 /* CLLocationManager+Rx.swift in Sources */,
				13665B5B1E28634C0054BAF4 /* TrackingInfo.swift in Sources */,
				13665AF21E28600D0054BAF4 /* RealmObserver.swift in Sources */,
				13665AFF1E28600D0054BAF4 /* Extensions.swift in Sources */,
			);
			runOnlyForDeploymentPostprocessing = 0;
		};
		13665A791E285CF80054BAF4 /* Sources */ = {
			isa = PBXSourcesBuildPhase;
			buildActionMask = 2147483647;
			files = (
				13665A821E285CF80054BAF4 /* TrackingMeTests.swift in Sources */,
			);
			runOnlyForDeploymentPostprocessing = 0;
		};
		13665A841E285CF80054BAF4 /* Sources */ = {
			isa = PBXSourcesBuildPhase;
			buildActionMask = 2147483647;
			files = (
				13665A8D1E285CF80054BAF4 /* TrackingMeUITests.swift in Sources */,
			);
			runOnlyForDeploymentPostprocessing = 0;
		};
/* End PBXSourcesBuildPhase section */

/* Begin PBXTargetDependency section */
		13665A7F1E285CF80054BAF4 /* PBXTargetDependency */ = {
			isa = PBXTargetDependency;
			target = 13665A681E285CF80054BAF4 /* TrackingMe */;
			targetProxy = 13665A7E1E285CF80054BAF4 /* PBXContainerItemProxy */;
		};
		13665A8A1E285CF80054BAF4 /* PBXTargetDependency */ = {
			isa = PBXTargetDependency;
			target = 13665A681E285CF80054BAF4 /* TrackingMe */;
			targetProxy = 13665A891E285CF80054BAF4 /* PBXContainerItemProxy */;
		};
/* End PBXTargetDependency section */

/* Begin PBXVariantGroup section */
		13665A701E285CF80054BAF4 /* Main.storyboard */ = {
			isa = PBXVariantGroup;
			children = (
				13665A711E285CF80054BAF4 /* Base */,
			);
			name = Main.storyboard;
			sourceTree = "<group>";
		};
		13665A751E285CF80054BAF4 /* LaunchScreen.storyboard */ = {
			isa = PBXVariantGroup;
			children = (
				13665A761E285CF80054BAF4 /* Base */,
			);
			name = LaunchScreen.storyboard;
			sourceTree = "<group>";
		};
/* End PBXVariantGroup section */

/* Begin XCBuildConfiguration section */
		13665A8F1E285CF80054BAF4 /* Debug */ = {
			isa = XCBuildConfiguration;
			buildSettings = {
				ALWAYS_SEARCH_USER_PATHS = NO;
				CLANG_ANALYZER_NONNULL = YES;
				CLANG_CXX_LANGUAGE_STANDARD = "gnu++0x";
				CLANG_CXX_LIBRARY = "libc++";
				CLANG_ENABLE_MODULES = YES;
				CLANG_ENABLE_OBJC_ARC = YES;
				CLANG_WARN_BOOL_CONVERSION = YES;
				CLANG_WARN_CONSTANT_CONVERSION = YES;
				CLANG_WARN_DIRECT_OBJC_ISA_USAGE = YES_ERROR;
				CLANG_WARN_DOCUMENTATION_COMMENTS = YES;
				CLANG_WARN_EMPTY_BODY = YES;
				CLANG_WARN_ENUM_CONVERSION = YES;
				CLANG_WARN_INFINITE_RECURSION = YES;
				CLANG_WARN_INT_CONVERSION = YES;
				CLANG_WARN_OBJC_ROOT_CLASS = YES_ERROR;
				CLANG_WARN_SUSPICIOUS_MOVE = YES;
				CLANG_WARN_UNREACHABLE_CODE = YES;
				CLANG_WARN__DUPLICATE_METHOD_MATCH = YES;
				"CODE_SIGN_IDENTITY[sdk=iphoneos*]" = "iPhone Developer";
				COPY_PHASE_STRIP = NO;
				DEBUG_INFORMATION_FORMAT = dwarf;
				ENABLE_STRICT_OBJC_MSGSEND = YES;
				ENABLE_TESTABILITY = YES;
				GCC_C_LANGUAGE_STANDARD = gnu99;
				GCC_DYNAMIC_NO_PIC = NO;
				GCC_NO_COMMON_BLOCKS = YES;
				GCC_OPTIMIZATION_LEVEL = 0;
				GCC_PREPROCESSOR_DEFINITIONS = (
					"DEBUG=1",
					"$(inherited)",
				);
				GCC_WARN_64_TO_32_BIT_CONVERSION = YES;
				GCC_WARN_ABOUT_RETURN_TYPE = YES_ERROR;
				GCC_WARN_UNDECLARED_SELECTOR = YES;
				GCC_WARN_UNINITIALIZED_AUTOS = YES_AGGRESSIVE;
				GCC_WARN_UNUSED_FUNCTION = YES;
				GCC_WARN_UNUSED_VARIABLE = YES;
				IPHONEOS_DEPLOYMENT_TARGET = 10.2;
				MTL_ENABLE_DEBUG_INFO = YES;
				ONLY_ACTIVE_ARCH = YES;
				SDKROOT = iphoneos;
				SWIFT_ACTIVE_COMPILATION_CONDITIONS = DEBUG;
				SWIFT_OPTIMIZATION_LEVEL = "-Onone";
				TARGETED_DEVICE_FAMILY = "1,2";
			};
			name = Debug;
		};
		13665A901E285CF80054BAF4 /* Release */ = {
			isa = XCBuildConfiguration;
			buildSettings = {
				ALWAYS_SEARCH_USER_PATHS = NO;
				CLANG_ANALYZER_NONNULL = YES;
				CLANG_CXX_LANGUAGE_STANDARD = "gnu++0x";
				CLANG_CXX_LIBRARY = "libc++";
				CLANG_ENABLE_MODULES = YES;
				CLANG_ENABLE_OBJC_ARC = YES;
				CLANG_WARN_BOOL_CONVERSION = YES;
				CLANG_WARN_CONSTANT_CONVERSION = YES;
				CLANG_WARN_DIRECT_OBJC_ISA_USAGE = YES_ERROR;
				CLANG_WARN_DOCUMENTATION_COMMENTS = YES;
				CLANG_WARN_EMPTY_BODY = YES;
				CLANG_WARN_ENUM_CONVERSION = YES;
				CLANG_WARN_INFINITE_RECURSION = YES;
				CLANG_WARN_INT_CONVERSION = YES;
				CLANG_WARN_OBJC_ROOT_CLASS = YES_ERROR;
				CLANG_WARN_SUSPICIOUS_MOVE = YES;
				CLANG_WARN_UNREACHABLE_CODE = YES;
				CLANG_WARN__DUPLICATE_METHOD_MATCH = YES;
				"CODE_SIGN_IDENTITY[sdk=iphoneos*]" = "iPhone Developer";
				COPY_PHASE_STRIP = NO;
				DEBUG_INFORMATION_FORMAT = "dwarf-with-dsym";
				ENABLE_NS_ASSERTIONS = NO;
				ENABLE_STRICT_OBJC_MSGSEND = YES;
				GCC_C_LANGUAGE_STANDARD = gnu99;
				GCC_NO_COMMON_BLOCKS = YES;
				GCC_WARN_64_TO_32_BIT_CONVERSION = YES;
				GCC_WARN_ABOUT_RETURN_TYPE = YES_ERROR;
				GCC_WARN_UNDECLARED_SELECTOR = YES;
				GCC_WARN_UNINITIALIZED_AUTOS = YES_AGGRESSIVE;
				GCC_WARN_UNUSED_FUNCTION = YES;
				GCC_WARN_UNUSED_VARIABLE = YES;
				IPHONEOS_DEPLOYMENT_TARGET = 10.2;
				MTL_ENABLE_DEBUG_INFO = NO;
				SDKROOT = iphoneos;
				SWIFT_OPTIMIZATION_LEVEL = "-Owholemodule";
				TARGETED_DEVICE_FAMILY = "1,2";
				VALIDATE_PRODUCT = YES;
			};
			name = Release;
		};
		13665A921E285CF80054BAF4 /* Debug */ = {
			isa = XCBuildConfiguration;
			baseConfigurationReference = D03E9753D63D1EBE6562373F /* Pods-TrackingMe.debug.xcconfig */;
			buildSettings = {
				ASSETCATALOG_COMPILER_APPICON_NAME = AppIcon;
				DEVELOPMENT_TEAM = AQ4F7PFFSM;
				FRAMEWORK_SEARCH_PATHS = (
					"$(inherited)",
					"$(PROJECT_DIR)/TrackingMe/Framework",
				);
				INFOPLIST_FILE = TrackingMe/Info.plist;
				IPHONEOS_DEPLOYMENT_TARGET = 9.0;
				LD_RUNPATH_SEARCH_PATHS = "$(inherited) @executable_path/Frameworks";
				PRODUCT_BUNDLE_IDENTIFIER = com.binhanh.TrackingMe;
				PRODUCT_NAME = "$(TARGET_NAME)";
				SWIFT_VERSION = 3.0;
			};
			name = Debug;
		};
		13665A931E285CF80054BAF4 /* Release */ = {
			isa = XCBuildConfiguration;
			baseConfigurationReference = F4BC5D522157900A1428CDE9 /* Pods-TrackingMe.release.xcconfig */;
			buildSettings = {
				ASSETCATALOG_COMPILER_APPICON_NAME = AppIcon;
				DEVELOPMENT_TEAM = AQ4F7PFFSM;
				FRAMEWORK_SEARCH_PATHS = (
					"$(inherited)",
					"$(PROJECT_DIR)/TrackingMe/Framework",
				);
				INFOPLIST_FILE = TrackingMe/Info.plist;
				IPHONEOS_DEPLOYMENT_TARGET = 9.0;
				LD_RUNPATH_SEARCH_PATHS = "$(inherited) @executable_path/Frameworks";
				PRODUCT_BUNDLE_IDENTIFIER = com.binhanh.TrackingMe;
				PRODUCT_NAME = "$(TARGET_NAME)";
				SWIFT_VERSION = 3.0;
			};
			name = Release;
		};
		13665A951E285CF80054BAF4 /* Debug */ = {
			isa = XCBuildConfiguration;
			baseConfigurationReference = D02FC10A312C0E7EFF02120B /* Pods-TrackingMeTests.debug.xcconfig */;
			buildSettings = {
				ALWAYS_EMBED_SWIFT_STANDARD_LIBRARIES = YES;
				BUNDLE_LOADER = "$(TEST_HOST)";
				DEVELOPMENT_TEAM = AQ4F7PFFSM;
				INFOPLIST_FILE = TrackingMeTests/Info.plist;
				LD_RUNPATH_SEARCH_PATHS = "$(inherited) @executable_path/Frameworks @loader_path/Frameworks";
				PRODUCT_BUNDLE_IDENTIFIER = com.binhanh.TrackingMeTests;
				PRODUCT_NAME = "$(TARGET_NAME)";
				SWIFT_VERSION = 3.0;
				TEST_HOST = "$(BUILT_PRODUCTS_DIR)/TrackingMe.app/TrackingMe";
			};
			name = Debug;
		};
		13665A961E285CF80054BAF4 /* Release */ = {
			isa = XCBuildConfiguration;
			baseConfigurationReference = E3CBC9228FCF9AFBEC04AA70 /* Pods-TrackingMeTests.release.xcconfig */;
			buildSettings = {
				ALWAYS_EMBED_SWIFT_STANDARD_LIBRARIES = YES;
				BUNDLE_LOADER = "$(TEST_HOST)";
				DEVELOPMENT_TEAM = AQ4F7PFFSM;
				INFOPLIST_FILE = TrackingMeTests/Info.plist;
				LD_RUNPATH_SEARCH_PATHS = "$(inherited) @executable_path/Frameworks @loader_path/Frameworks";
				PRODUCT_BUNDLE_IDENTIFIER = com.binhanh.TrackingMeTests;
				PRODUCT_NAME = "$(TARGET_NAME)";
				SWIFT_VERSION = 3.0;
				TEST_HOST = "$(BUILT_PRODUCTS_DIR)/TrackingMe.app/TrackingMe";
			};
			name = Release;
		};
		13665A981E285CF80054BAF4 /* Debug */ = {
			isa = XCBuildConfiguration;
			baseConfigurationReference = 6587B65E8667601E24243B52 /* Pods-TrackingMeUITests.debug.xcconfig */;
			buildSettings = {
				ALWAYS_EMBED_SWIFT_STANDARD_LIBRARIES = YES;
				DEVELOPMENT_TEAM = AQ4F7PFFSM;
				INFOPLIST_FILE = TrackingMeUITests/Info.plist;
				LD_RUNPATH_SEARCH_PATHS = "$(inherited) @executable_path/Frameworks @loader_path/Frameworks";
				PRODUCT_BUNDLE_IDENTIFIER = com.binhanh.TrackingMeUITests;
				PRODUCT_NAME = "$(TARGET_NAME)";
				SWIFT_VERSION = 3.0;
				TEST_TARGET_NAME = TrackingMe;
			};
			name = Debug;
		};
		13665A991E285CF80054BAF4 /* Release */ = {
			isa = XCBuildConfiguration;
			baseConfigurationReference = 3A461BD7EFAEC5B560E2E86B /* Pods-TrackingMeUITests.release.xcconfig */;
			buildSettings = {
				ALWAYS_EMBED_SWIFT_STANDARD_LIBRARIES = YES;
				DEVELOPMENT_TEAM = AQ4F7PFFSM;
				INFOPLIST_FILE = TrackingMeUITests/Info.plist;
				LD_RUNPATH_SEARCH_PATHS = "$(inherited) @executable_path/Frameworks @loader_path/Frameworks";
				PRODUCT_BUNDLE_IDENTIFIER = com.binhanh.TrackingMeUITests;
				PRODUCT_NAME = "$(TARGET_NAME)";
				SWIFT_VERSION = 3.0;
				TEST_TARGET_NAME = TrackingMe;
			};
			name = Release;
		};
/* End XCBuildConfiguration section */

/* Begin XCConfigurationList section */
		13665A641E285CF80054BAF4 /* Build configuration list for PBXProject "TrackingMe" */ = {
			isa = XCConfigurationList;
			buildConfigurations = (
				13665A8F1E285CF80054BAF4 /* Debug */,
				13665A901E285CF80054BAF4 /* Release */,
			);
			defaultConfigurationIsVisible = 0;
			defaultConfigurationName = Release;
		};
		13665A911E285CF80054BAF4 /* Build configuration list for PBXNativeTarget "TrackingMe" */ = {
			isa = XCConfigurationList;
			buildConfigurations = (
				13665A921E285CF80054BAF4 /* Debug */,
				13665A931E285CF80054BAF4 /* Release */,
			);
			defaultConfigurationIsVisible = 0;
			defaultConfigurationName = Release;
		};
		13665A941E285CF80054BAF4 /* Build configuration list for PBXNativeTarget "TrackingMeTests" */ = {
			isa = XCConfigurationList;
			buildConfigurations = (
				13665A951E285CF80054BAF4 /* Debug */,
				13665A961E285CF80054BAF4 /* Release */,
			);
			defaultConfigurationIsVisible = 0;
			defaultConfigurationName = Release;
		};
		13665A971E285CF80054BAF4 /* Build configuration list for PBXNativeTarget "TrackingMeUITests" */ = {
			isa = XCConfigurationList;
			buildConfigurations = (
				13665A981E285CF80054BAF4 /* Debug */,
				13665A991E285CF80054BAF4 /* Release */,
			);
			defaultConfigurationIsVisible = 0;
			defaultConfigurationName = Release;
		};
/* End XCConfigurationList section */
	};
	rootObject = 13665A611E285CF80054BAF4 /* Project object */;
}
